// !$*UTF8*$!
{
	archiveVersion = 1;
	classes = {
	};
	objectVersion = 55;
	objects = {

/* Begin PBXBuildFile section */
		7C3C6A602EA1433EBB1F2610 /* Photos.framework in Frameworks */ = {isa = PBXBuildFile; fileRef = E3F070B78CB64996AE9032B7 /* Photos.framework */; };
		656A6D24A89D4B1790C9E425 /* ApplicationModule.m in Sources */ = {isa = PBXBuildFile; fileRef = 5666580786A44098AB66AB82 /* ApplicationModule.m */; };
		E527AAB2959A4F039663CDCF /* BatteryModule.m in Sources */ = {isa = PBXBuildFile; fileRef = 35BDFC2BDECF4FF58097C7AE /* BatteryModule.m */; };
		B690B54DA5164276834BED67 /* BrightnessModule.m in Sources */ = {isa = PBXBuildFile; fileRef = 769BAEF8839C45CC90450996 /* BrightnessModule.m */; };
		39F65BDE23CC48A38FEBE18F /* CellularModule.m in Sources */ = {isa = PBXBuildFile; fileRef = F410F51DA98F48D684D8E80F /* CellularModule.m */; };
		FF989F79872A4298909537F6 /* ClipboardModule.m in Sources */ = {isa = PBXBuildFile; fileRef = 9DA84C02162C49A38E2D2BD8 /* ClipboardModule.m */; };
		0C1FCEBC12C14F129025DFF8 /* HapticsModule.m in Sources */ = {isa = PBXBuildFile; fileRef = 37A9DF7C9C754C03AB589DDE /* HapticsModule.m */; };
		4730819FFB5B47B2AC3BC6F9 /* ImagePickerModule.m in Sources */ = {isa = PBXBuildFile; fileRef = F7D63A000B2B4D3795ACE694 /* ImagePickerModule.m */; };
		0D5BAAE9E1FA4DDE954A911D /* KeepAwakeModule.m in Sources */ = {isa = PBXBuildFile; fileRef = 95378DAA6FC844A9988EA892 /* KeepAwakeModule.m */; };
		EB870ABE7D564DFB9C535065 /* LocalizationModule.m in Sources */ = {isa = PBXBuildFile; fileRef = 319A2559533C464991DEFF3E /* LocalizationModule.m */; };
		F1AA79FA5CC348D6BEE773F5 /* MailComposerModule.m in Sources */ = {isa = PBXBuildFile; fileRef = D04E4E22F4DB47A7983CD854 /* MailComposerModule.m */; };
		A9BD07DDD70345EF9BAFA72C /* NetworkModule.m in Sources */ = {isa = PBXBuildFile; fileRef = 7BAE213E0AC44C8D97F8AAAB /* NetworkModule.m */; };
		5942489A7FA6450C8A3DD298 /* ScreenOrientationModule.m in Sources */ = {isa = PBXBuildFile; fileRef = AC566ECCC99B4F71B6D31455 /* ScreenOrientationModule.m */; };
		9CE1351EDBE94454A87D55EA /* StoreReviewModule.m in Sources */ = {isa = PBXBuildFile; fileRef = 8132B4A0AC6C48F999755B31 /* StoreReviewModule.m */; };
		9AB2B36A0B564BF2ACBEDDFE /* CryptoModule.m in Sources */ = {isa = PBXBuildFile; fileRef = 23B3E621F4D640F18AA6CED6 /* CryptoModule.m */; };
			682B67F61DE3E32B2F7A07F8 /* AppIntegrity.m in Sources */ = {isa = PBXBuildFile; fileRef = E83094A8B68437BDE5296D17 /* AppIntegrity.m */; };
			20828B5F519682337686E6AB /* AppleAuthentication.m in Sources */ = {isa = PBXBuildFile; fileRef = CF737E6675BD6A65B2E18818 /* AppleAuthentication.m */; };
			090DEEA90E4720E32397BB08 /* LivePhoto.m in Sources */ = {isa = PBXBuildFile; fileRef = 0FD02E7AF6E2B3999D37F3D5 /* LivePhoto.m */; };
			ACC256407BD31CF3E75DC442 /* Asset.m in Sources */ = {isa = PBXBuildFile; fileRef = 790043D4828184C566DF9E47 /* Asset.m */; };
			8509597AB07BF5074942436E /* AuthSession.m in Sources */ = {isa = PBXBuildFile; fileRef = 7A69B700286FD2A5CDEEF7C7 /* AuthSession.m */; };
			8E0110485A8462363F17309B /* NetworkAddons.m in Sources */ = {isa = PBXBuildFile; fileRef = 7000E63B5221E5BF70878105 /* NetworkAddons.m */; };
			188CE2EAF4B8B79C4EE492EA /* StandardWebCrypto.m in Sources */ = {isa = PBXBuildFile; fileRef = DD411771AFBA3649874B9D59 /* StandardWebCrypto.m */; };
			94600125007C8F38FA456601 /* ScreenCapture.m in Sources */ = {isa = PBXBuildFile; fileRef = 4F27D97D4ECD8C7C42D69352 /* ScreenCapture.m */; };
			99704E18148330D1469C265B /* CameraModule.m in Sources */ = {isa = PBXBuildFile; fileRef = 572145D589BE80E3180E80AB /* CameraModule.m */; };
			15251E1558AA47961F849905 /* ConstantsModule.m in Sources */ = {isa = PBXBuildFile; fileRef = FAE7374AB2C54F940B87D35C /* ConstantsModule.m */; };
			978FA671C966E77AD5A47BA3 /* ContactsModule.m in Sources */ = {isa = PBXBuildFile; fileRef = 719DE1E625383CFC68E40B65 /* ContactsModule.m */; };
			B3518537A4324DA7502BF469 /* FontModule.m in Sources */ = {isa = PBXBuildFile; fileRef = CB8ABE5505EF62696A60B37D /* FontModule.m */; };
			DC287053DB37B4B06CAA970E /* LocationModule.m in Sources */ = {isa = PBXBuildFile; fileRef = 45AC0AD46D23CE4A585AB14A /* LocationModule.m */; };
			BABAA8B9EF303CE8171B58DF /* MediaLibraryModule.m in Sources */ = {isa = PBXBuildFile; fileRef = 258DBB7476953495F8FAC8A2 /* MediaLibraryModule.m */; };
			2E25ABB8B1209BE2069362B8 /* NotificationsModule.m in Sources */ = {isa = PBXBuildFile; fileRef = A0472663DBC8F510A9FF2DC6 /* NotificationsModule.m */; };
			D209B4491C260D850650ADD0 /* SpeechModule.m in Sources */ = {isa = PBXBuildFile; fileRef = CA21ABD98E65980CD2EB9362 /* SpeechModule.m */; };
			DD1EA86D46865321866AE2EB /* SqliteModule.m in Sources */ = {isa = PBXBuildFile; fileRef = 834E5B2303C0B67AAD1A1ECA /* SqliteModule.m */; };
			BE975D3851D81395C56F6DC6 /* WebBrowserModule.m in Sources */ = {isa = PBXBuildFile; fileRef = E50A0403A58B30B50E1AC2D3 /* WebBrowserModule.m */; };
		D16A5C04876D407386A31538 /* LocalAuthenticationModule.m in Sources */ = {isa = PBXBuildFile; fileRef = 03F7D8B5124D44A9B88A47D6 /* LocalAuthenticationModule.m */; };
				A262B0E527F44FA9B28DC871 /* SensorsModule.m in Sources */ = {isa = PBXBuildFile; fileRef = E27D4CB4E7754CCCA0C8D8EF /* SensorsModule.m */; };
				F1A2C3D4E5F6407192AB3C40 /* SecureStoreModule.m in Sources */ = {isa = PBXBuildFile; fileRef = E1B2C3D4E5F6407192AB3C41 /* SecureStoreModule.m */; };
				F1C2D3E4A5B6407192AB3C60 /* FileSystemModule.m in Sources */ = {isa = PBXBuildFile; fileRef = E1C2C3D4A5B6407192AB3C61 /* FileSystemModule.m */; };
		5206A9B80CBD431CBA942530 /* StoreKit.framework in Frameworks */ = {isa = PBXBuildFile; fileRef = E1594719CAAB4881B452EF4E /* StoreKit.framework */; };
		2B06C8442D34FF7D008D40DD /* LynxExplorerInput.m in Sources */ = {isa = PBXBuildFile; fileRef = 2B06C8432D34FF7D008D40DD /* LynxExplorerInput.m */; };
		2B2AA43D2CA14AC200DB0C3E /* TasmDispatcher.m in Sources */ = {isa = PBXBuildFile; fileRef = 2B2AA43C2CA14AC200DB0C3E /* TasmDispatcher.m */; };
		2B382D772D17B86300C67770 /* LynxInitProcessor.m in Sources */ = {isa = PBXBuildFile; fileRef = 2B382D762D17B86300C67770 /* LynxInitProcessor.m */; };
		2B382D7A2D17BBAD00C67770 /* TemplateProvider.m in Sources */ = {isa = PBXBuildFile; fileRef = 2B382D792D17BBAD00C67770 /* TemplateProvider.m */; };
		2B382D7E2D17BD1500C67770 /* ExplorerModule.m in Sources */ = {isa = PBXBuildFile; fileRef = 2B382D7D2D17BD1500C67770 /* ExplorerModule.m */; };
		2B382D812D17BDC500C67770 /* UIHelper.m in Sources */ = {isa = PBXBuildFile; fileRef = 2B382D802D17BDC500C67770 /* UIHelper.m */; };
		2B382D862D17C06D00C67770 /* ScanViewController.m in Sources */ = {isa = PBXBuildFile; fileRef = 2B382D852D17C06D00C67770 /* ScanViewController.m */; };
				2B45A78F2E12870D00EA5D14 /* AVFoundation.framework in Frameworks */ = {isa = PBXBuildFile; fileRef = 2B45A78E2E12870D00EA5D14 /* AVFoundation.framework */; };
			2382D8A5F0D0A9100CA44442 /* AuthenticationServices.framework in Frameworks */ = {isa = PBXBuildFile; fileRef = BC2CC7D9164DC2513BE9FEB1 /* AuthenticationServices.framework */; };
			276D4833F930276D810921AB /* CoreLocation.framework in Frameworks */ = {isa = PBXBuildFile; fileRef = E6C8E36ABF9AB4BF49541073 /* CoreLocation.framework */; };
			C59796EA39994462B82C30C0 /* Contacts.framework in Frameworks */ = {isa = PBXBuildFile; fileRef = 4CDACD126FE6D74CEC6E4F36 /* Contacts.framework */; };
			273703F1FC57768D832C5E66 /* DeviceCheck.framework in Frameworks */ = {isa = PBXBuildFile; fileRef = CA407DD98613E910D66C32E2 /* DeviceCheck.framework */; };
			17F62A1220D5B5DBBBD287A3 /* UserNotifications.framework in Frameworks */ = {isa = PBXBuildFile; fileRef = ECEF2F43479250C4CAA513EF /* UserNotifications.framework */; };
				F1C2D3E4A5B6407192AB3C50 /* CoreMotion.framework in Frameworks */ = {isa = PBXBuildFile; fileRef = F1C2D3E4A5B6407192AB3C51 /* CoreMotion.framework */; };
				F1C2D3E4A5B6407192AB3C52 /* LocalAuthentication.framework in Frameworks */ = {isa = PBXBuildFile; fileRef = F1C2D3E4A5B6407192AB3C53 /* LocalAuthentication.framework */; };
		2B590A452D633F3A0041DE80 /* DemoGenericResourceFetcher.m in Sources */ = {isa = PBXBuildFile; fileRef = 2B590A442D633F3A0041DE80 /* DemoGenericResourceFetcher.m */; };
		2B590A492D635BEB0041DE80 /* DemoMeidaResourceFetcher.m in Sources */ = {isa = PBXBuildFile; fileRef = 2B590A482D635BEB0041DE80 /* DemoMeidaResourceFetcher.m */; };
		2B590A4C2D635CF00041DE80 /* DemoTemplateResourceFetcher.m in Sources */ = {isa = PBXBuildFile; fileRef = 2B590A4B2D635CF00041DE80 /* DemoTemplateResourceFetcher.m */; };
		2B736B8C2D096F8A000A35F6 /* LynxExplorerTests.m in Sources */ = {isa = PBXBuildFile; fileRef = 2B736B8B2D096F8A000A35F6 /* LynxExplorerTests.m */; };
		2B948FA22C2D9FD900535C96 /* AppDelegate.mm in Sources */ = {isa = PBXBuildFile; fileRef = 2B948FA12C2D9FD900535C96 /* AppDelegate.mm */; };
		2B948FA82C2D9FD900535C96 /* LynxViewShellViewController.m in Sources */ = {isa = PBXBuildFile; fileRef = 2B948FA72C2D9FD900535C96 /* LynxViewShellViewController.m */; };
		2B948FAB2C2D9FD900535C96 /* Main.storyboard in Resources */ = {isa = PBXBuildFile; fileRef = 2B948FA92C2D9FD900535C96 /* Main.storyboard */; };
		2B948FAD2C2D9FDC00535C96 /* Assets.xcassets in Resources */ = {isa = PBXBuildFile; fileRef = 2B948FAC2C2D9FDC00535C96 /* Assets.xcassets */; };
		2B948FB02C2D9FDC00535C96 /* LaunchScreen.storyboard in Resources */ = {isa = PBXBuildFile; fileRef = 2B948FAE2C2D9FDC00535C96 /* LaunchScreen.storyboard */; };
		2B948FB32C2D9FDC00535C96 /* main.m in Sources */ = {isa = PBXBuildFile; fileRef = 2B948FB22C2D9FDC00535C96 /* main.m */; };
		2B948FBA2C2DA16A00535C96 /* Resource in Resources */ = {isa = PBXBuildFile; fileRef = 2B948FB92C2DA16A00535C96 /* Resource */; };
		2BB78AD32D1D18FA00060E1C /* LynxSettingManager.m in Sources */ = {isa = PBXBuildFile; fileRef = 2BB78AD22D1D18FA00060E1C /* LynxSettingManager.m */; };
		2BEA8AEA2E0002C9001BCB2C /* LynxRecorderDefaultActionCallback.m in Sources */ = {isa = PBXBuildFile; fileRef = 2BEA8AE92E0002C9001BCB2C /* LynxRecorderDefaultActionCallback.m */; };
		3B03DDD06103F6E706441C7B /* LynxNodeAPIModule.mm in Sources */ = {isa = PBXBuildFile; fileRef = 28FD8BB8690C767E28B8B1A7 /* LynxNodeAPIModule.mm */; };
		EB376B4ABE0DD0809AE056A4 /* EnvInfoModule.m in Sources */ = {isa = PBXBuildFile; fileRef = 2A4C3BFADCB0DD1FCC940D10 /* EnvInfoModule.m */; };
		F3A1B2C4D5E60718293A4B5C /* SplashScreenModule.m in Sources */ = {isa = PBXBuildFile; fileRef = A1B2C3D4E5F60718293A4B5D1 /* SplashScreenModule.m */; };
		455F65A962D4C367198F43C0 /* Pods_LynxExplorer.framework in Frameworks */ = {isa = PBXBuildFile; fileRef = B20C439237B8FC5CD49DAA94 /* Pods_LynxExplorer.framework */; };
		7B50D0B31E2C18D34E941800 /* SPKServiceRegistrar.swift in Sources */ = {isa = PBXBuildFile; fileRef = D6CEA873C7121D005AC53896 /* SPKServiceRegistrar.swift */; };
		A8715579043207D37CD2D644 /* LynxNodeAPI.cc in Sources */ = {isa = PBXBuildFile; fileRef = E34A26BD2270292DB2C29E7C /* LynxNodeAPI.cc */; };
		BD8C210A0F8DB920B1AEEAFA /* RouterServiceImpl.swift in Sources */ = {isa = PBXBuildFile; fileRef = 788EA02E6300A547EB752932 /* RouterServiceImpl.swift */; };
		C0DE00000000000000000011 /* LaunchDescriptor.swift in Sources */ = {isa = PBXBuildFile; fileRef = C0DE00000000000000000001 /* LaunchDescriptor.swift */; };
		C0DE00000000000000000012 /* LaunchDescriptorParser.swift in Sources */ = {isa = PBXBuildFile; fileRef = C0DE00000000000000000002 /* LaunchDescriptorParser.swift */; };
		C0DE00000000000000000013 /* LaunchDescriptorParserTests.swift in Sources */ = {isa = PBXBuildFile; fileRef = C0DE00000000000000000003 /* LaunchDescriptorParserTests.swift */; };
		C0DE00000000000000000014 /* SparklingSchemeAdapter.swift in Sources */ = {isa = PBXBuildFile; fileRef = C0DE00000000000000000005 /* SparklingSchemeAdapter.swift */; };
		C0DE00000000000000000015 /* SparklingSchemeAdapterTests.swift in Sources */ = {isa = PBXBuildFile; fileRef = C0DE00000000000000000006 /* SparklingSchemeAdapterTests.swift */; };
		C0DE00000000000000000016 /* RouteCoordinator.swift in Sources */ = {isa = PBXBuildFile; fileRef = C0DE00000000000000000007 /* RouteCoordinator.swift */; };
		C0DE00000000000000000017 /* NavigationHost.swift in Sources */ = {isa = PBXBuildFile; fileRef = C0DE00000000000000000008 /* NavigationHost.swift */; };
		C0DE00000000000000000018 /* RouteCoordinatorTests.swift in Sources */ = {isa = PBXBuildFile; fileRef = C0DE00000000000000000009 /* RouteCoordinatorTests.swift */; };
		C0DE00000000000000000019 /* LegacyContainerLauncher.swift in Sources */ = {isa = PBXBuildFile; fileRef = C0DE0000000000000000000A /* LegacyContainerLauncher.swift */; };
		C0DE0000000000000000001A /* LegacyContainerLauncherTests.swift in Sources */ = {isa = PBXBuildFile; fileRef = C0DE0000000000000000000B /* LegacyContainerLauncherTests.swift */; };
		C0DE0000000000000000001B /* GlobalPropsMergerTests.swift in Sources */ = {isa = PBXBuildFile; fileRef = C0DE0000000000000000000C /* GlobalPropsMergerTests.swift */; };
		C0DE0000000000000000001C /* SparklingContainerLauncherTests.swift in Sources */ = {isa = PBXBuildFile; fileRef = C0DE0000000000000000000D /* SparklingContainerLauncherTests.swift */; };
		C0DE0000000000000000001D /* GlobalPropsMerger.swift in Sources */ = {isa = PBXBuildFile; fileRef = C0DE0000000000000000000E /* GlobalPropsMerger.swift */; };
		C0DE0000000000000000001E /* SparklingContainerLauncher.swift in Sources */ = {isa = PBXBuildFile; fileRef = C0DE0000000000000000000F /* SparklingContainerLauncher.swift */; };
		C0DE0000000000000000001F /* RouteEntryAdapterTests.swift in Sources */ = {isa = PBXBuildFile; fileRef = C0DE00000000000000000010 /* RouteEntryAdapterTests.swift */; };
		C0DE00000000000000000021 /* RouteEntryAdapter.swift in Sources */ = {isa = PBXBuildFile; fileRef = C0DE00000000000000000020 /* RouteEntryAdapter.swift */; };
		C0DE00000000000000000022 /* ExplorerLoadingView.swift in Sources */ = {isa = PBXBuildFile; fileRef = C0DE00000000000000000023 /* ExplorerLoadingView.swift */; };
		F253146C82DD1031001E296D /* LynxNodeAPILifecycleListener.mm in Sources */ = {isa = PBXBuildFile; fileRef = 2868314E5A1E86DB78660DF8 /* LynxNodeAPILifecycleListener.mm */; };
		FCDCFAC8ED4DEC4A4E76E61B /* Pods_LynxExplorerTests.framework in Frameworks */ = {isa = PBXBuildFile; fileRef = 04983DD422E04617E339C08C /* Pods_LynxExplorerTests.framework */; };
/* End PBXBuildFile section */

/* Begin PBXContainerItemProxy section */
		2B736B8D2D096F8A000A35F6 /* PBXContainerItemProxy */ = {
			isa = PBXContainerItemProxy;
			containerPortal = 2B948F952C2D9FD900535C96 /* Project object */;
			proxyType = 1;
			remoteGlobalIDString = 2B948F9C2C2D9FD900535C96;
			remoteInfo = LynxExplorer;
		};
/* End PBXContainerItemProxy section */

/* Begin PBXFileReference section */
		E3F070B78CB64996AE9032B7 /* Photos.framework */ = {isa = PBXFileReference; lastKnownFileType = wrapper.framework; name = Photos.framework; path = System/Library/Frameworks/Photos.framework; sourceTree = SDKROOT; };
		5666580786A44098AB66AB82 /* ApplicationModule.m */ = {isa = PBXFileReference; lastKnownFileType = sourcecode.c.objc; path = ApplicationModule.m; sourceTree = "<group>"; };
		C9E4EB0522434A77985034FC /* ApplicationModule.h */ = {isa = PBXFileReference; lastKnownFileType = sourcecode.c.h; path = ApplicationModule.h; sourceTree = "<group>"; };
		35BDFC2BDECF4FF58097C7AE /* BatteryModule.m */ = {isa = PBXFileReference; lastKnownFileType = sourcecode.c.objc; path = BatteryModule.m; sourceTree = "<group>"; };
		B4152DB461F842E1BD11970E /* BatteryModule.h */ = {isa = PBXFileReference; lastKnownFileType = sourcecode.c.h; path = BatteryModule.h; sourceTree = "<group>"; };
		769BAEF8839C45CC90450996 /* BrightnessModule.m */ = {isa = PBXFileReference; lastKnownFileType = sourcecode.c.objc; path = BrightnessModule.m; sourceTree = "<group>"; };
		DB1A3DB0BA0146E29258A439 /* BrightnessModule.h */ = {isa = PBXFileReference; lastKnownFileType = sourcecode.c.h; path = BrightnessModule.h; sourceTree = "<group>"; };
		F410F51DA98F48D684D8E80F /* CellularModule.m */ = {isa = PBXFileReference; lastKnownFileType = sourcecode.c.objc; path = CellularModule.m; sourceTree = "<group>"; };
		F40BB34DC86C473682C7161B /* CellularModule.h */ = {isa = PBXFileReference; lastKnownFileType = sourcecode.c.h; path = CellularModule.h; sourceTree = "<group>"; };
		9DA84C02162C49A38E2D2BD8 /* ClipboardModule.m */ = {isa = PBXFileReference; lastKnownFileType = sourcecode.c.objc; path = ClipboardModule.m; sourceTree = "<group>"; };
		091707EE1B434794BB0BE606 /* ClipboardModule.h */ = {isa = PBXFileReference; lastKnownFileType = sourcecode.c.h; path = ClipboardModule.h; sourceTree = "<group>"; };
		37A9DF7C9C754C03AB589DDE /* HapticsModule.m */ = {isa = PBXFileReference; lastKnownFileType = sourcecode.c.objc; path = HapticsModule.m; sourceTree = "<group>"; };
		88BC6A96A69C4ABFAD741F29 /* HapticsModule.h */ = {isa = PBXFileReference; lastKnownFileType = sourcecode.c.h; path = HapticsModule.h; sourceTree = "<group>"; };
		F7D63A000B2B4D3795ACE694 /* ImagePickerModule.m */ = {isa = PBXFileReference; lastKnownFileType = sourcecode.c.objc; path = ImagePickerModule.m; sourceTree = "<group>"; };
		B75BF6BB7F4043E4BB99FA08 /* ImagePickerModule.h */ = {isa = PBXFileReference; lastKnownFileType = sourcecode.c.h; path = ImagePickerModule.h; sourceTree = "<group>"; };
		95378DAA6FC844A9988EA892 /* KeepAwakeModule.m */ = {isa = PBXFileReference; lastKnownFileType = sourcecode.c.objc; path = KeepAwakeModule.m; sourceTree = "<group>"; };
		BC0370CA51E94022AD1D1144 /* KeepAwakeModule.h */ = {isa = PBXFileReference; lastKnownFileType = sourcecode.c.h; path = KeepAwakeModule.h; sourceTree = "<group>"; };
		319A2559533C464991DEFF3E /* LocalizationModule.m */ = {isa = PBXFileReference; lastKnownFileType = sourcecode.c.objc; path = LocalizationModule.m; sourceTree = "<group>"; };
		7204E2908E91469681EB4B43 /* LocalizationModule.h */ = {isa = PBXFileReference; lastKnownFileType = sourcecode.c.h; path = LocalizationModule.h; sourceTree = "<group>"; };
		D04E4E22F4DB47A7983CD854 /* MailComposerModule.m */ = {isa = PBXFileReference; lastKnownFileType = sourcecode.c.objc; path = MailComposerModule.m; sourceTree = "<group>"; };
		918A02617CE641F5B63CD982 /* MailComposerModule.h */ = {isa = PBXFileReference; lastKnownFileType = sourcecode.c.h; path = MailComposerModule.h; sourceTree = "<group>"; };
		7BAE213E0AC44C8D97F8AAAB /* NetworkModule.m */ = {isa = PBXFileReference; lastKnownFileType = sourcecode.c.objc; path = NetworkModule.m; sourceTree = "<group>"; };
		CD4F2041AC644BC09E157144 /* NetworkModule.h */ = {isa = PBXFileReference; lastKnownFileType = sourcecode.c.h; path = NetworkModule.h; sourceTree = "<group>"; };
		AC566ECCC99B4F71B6D31455 /* ScreenOrientationModule.m */ = {isa = PBXFileReference; lastKnownFileType = sourcecode.c.objc; path = ScreenOrientationModule.m; sourceTree = "<group>"; };
		ACC0CDB08D6240889362E0A3 /* ScreenOrientationModule.h */ = {isa = PBXFileReference; lastKnownFileType = sourcecode.c.h; path = ScreenOrientationModule.h; sourceTree = "<group>"; };
		8132B4A0AC6C48F999755B31 /* StoreReviewModule.m */ = {isa = PBXFileReference; lastKnownFileType = sourcecode.c.objc; path = StoreReviewModule.m; sourceTree = "<group>"; };
		0604C6009257498A9E6FD936 /* StoreReviewModule.h */ = {isa = PBXFileReference; lastKnownFileType = sourcecode.c.h; path = StoreReviewModule.h; sourceTree = "<group>"; };
		DC706EE4E3554D498DE8334D /* ApplicationModule.h */ = {isa = PBXFileReference; lastKnownFileType = sourcecode.c.h; path = ApplicationModule.h; sourceTree = "<group>"; };
		739F0759108C41C0A4DE0723 /* BatteryModule.h */ = {isa = PBXFileReference; lastKnownFileType = sourcecode.c.h; path = BatteryModule.h; sourceTree = "<group>"; };
		F5FE71FAB9534DE89FE3BAC0 /* BrightnessModule.h */ = {isa = PBXFileReference; lastKnownFileType = sourcecode.c.h; path = BrightnessModule.h; sourceTree = "<group>"; };
		634CEA5EF7704543A9C591AD /* CellularModule.h */ = {isa = PBXFileReference; lastKnownFileType = sourcecode.c.h; path = CellularModule.h; sourceTree = "<group>"; };
		9E20D0399785450DAA4AE9E3 /* ClipboardModule.h */ = {isa = PBXFileReference; lastKnownFileType = sourcecode.c.h; path = ClipboardModule.h; sourceTree = "<group>"; };
		6CD8800CD66F47FF885E986F /* HapticsModule.h */ = {isa = PBXFileReference; lastKnownFileType = sourcecode.c.h; path = HapticsModule.h; sourceTree = "<group>"; };
		A68DAD346E4D4820A7116D56 /* ImagePickerModule.h */ = {isa = PBXFileReference; lastKnownFileType = sourcecode.c.h; path = ImagePickerModule.h; sourceTree = "<group>"; };
		2C44202A8CC0485CB5EDFC9C /* KeepAwakeModule.h */ = {isa = PBXFileReference; lastKnownFileType = sourcecode.c.h; path = KeepAwakeModule.h; sourceTree = "<group>"; };
		6158E14131C541CAB0849AD8 /* LocalizationModule.h */ = {isa = PBXFileReference; lastKnownFileType = sourcecode.c.h; path = LocalizationModule.h; sourceTree = "<group>"; };
		F450D7CD19784037BF6D5B04 /* MailComposerModule.h */ = {isa = PBXFileReference; lastKnownFileType = sourcecode.c.h; path = MailComposerModule.h; sourceTree = "<group>"; };
		5393521CB3574D53A6B85F6A /* NetworkModule.h */ = {isa = PBXFileReference; lastKnownFileType = sourcecode.c.h; path = NetworkModule.h; sourceTree = "<group>"; };
		FFD4827AC1E14F35A0A482C1 /* ScreenOrientationModule.h */ = {isa = PBXFileReference; lastKnownFileType = sourcecode.c.h; path = ScreenOrientationModule.h; sourceTree = "<group>"; };
		8D1FFF5C0E674E30B5798D81 /* StoreReviewModule.h */ = {isa = PBXFileReference; lastKnownFileType = sourcecode.c.h; path = StoreReviewModule.h; sourceTree = "<group>"; };
		18C5CE83491747D1898E91FB /* CryptoModule.h */ = {isa = PBXFileReference; lastKnownFileType = sourcecode.c.h; path = CryptoModule.h; sourceTree = "<group>"; };
		23B3E621F4D640F18AA6CED6 /* CryptoModule.m */ = {isa = PBXFileReference; lastKnownFileType = sourcecode.c.objc; path = CryptoModule.m; sourceTree = "<group>"; };
			DF1947407F64B77EB923EDEE /* AppIntegrity.h */ = {isa = PBXFileReference; lastKnownFileType = sourcecode.c.h; path = AppIntegrity.h; sourceTree = "<group>"; };
			E83094A8B68437BDE5296D17 /* AppIntegrity.m */ = {isa = PBXFileReference; lastKnownFileType = sourcecode.c.objc; path = AppIntegrity.m; sourceTree = "<group>"; };
			ED938958FD88DBAF6454D033 /* AppleAuthentication.h */ = {isa = PBXFileReference; lastKnownFileType = sourcecode.c.h; path = AppleAuthentication.h; sourceTree = "<group>"; };
			CF737E6675BD6A65B2E18818 /* AppleAuthentication.m */ = {isa = PBXFileReference; lastKnownFileType = sourcecode.c.objc; path = AppleAuthentication.m; sourceTree = "<group>"; };
			9047A459F21B3005D8BBC3DF /* LivePhoto.h */ = {isa = PBXFileReference; lastKnownFileType = sourcecode.c.h; path = LivePhoto.h; sourceTree = "<group>"; };
			0FD02E7AF6E2B3999D37F3D5 /* LivePhoto.m */ = {isa = PBXFileReference; lastKnownFileType = sourcecode.c.objc; path = LivePhoto.m; sourceTree = "<group>"; };
			99215D596BF9FC477F2BE8E3 /* Asset.h */ = {isa = PBXFileReference; lastKnownFileType = sourcecode.c.h; path = Asset.h; sourceTree = "<group>"; };
			790043D4828184C566DF9E47 /* Asset.m */ = {isa = PBXFileReference; lastKnownFileType = sourcecode.c.objc; path = Asset.m; sourceTree = "<group>"; };
			398E0912FECE9B7701A4DC0E /* AuthSession.h */ = {isa = PBXFileReference; lastKnownFileType = sourcecode.c.h; path = AuthSession.h; sourceTree = "<group>"; };
			7A69B700286FD2A5CDEEF7C7 /* AuthSession.m */ = {isa = PBXFileReference; lastKnownFileType = sourcecode.c.objc; path = AuthSession.m; sourceTree = "<group>"; };
			B4690F9BF9ECA9A77BA4DB6C /* NetworkAddons.h */ = {isa = PBXFileReference; lastKnownFileType = sourcecode.c.h; path = NetworkAddons.h; sourceTree = "<group>"; };
			7000E63B5221E5BF70878105 /* NetworkAddons.m */ = {isa = PBXFileReference; lastKnownFileType = sourcecode.c.objc; path = NetworkAddons.m; sourceTree = "<group>"; };
			467A541DD8F0C236B18BEE4C /* StandardWebCrypto.h */ = {isa = PBXFileReference; lastKnownFileType = sourcecode.c.h; path = StandardWebCrypto.h; sourceTree = "<group>"; };
			DD411771AFBA3649874B9D59 /* StandardWebCrypto.m */ = {isa = PBXFileReference; lastKnownFileType = sourcecode.c.objc; path = StandardWebCrypto.m; sourceTree = "<group>"; };
			35C4E2BEDCA92601405467E2 /* ScreenCapture.h */ = {isa = PBXFileReference; lastKnownFileType = sourcecode.c.h; path = ScreenCapture.h; sourceTree = "<group>"; };
			4F27D97D4ECD8C7C42D69352 /* ScreenCapture.m */ = {isa = PBXFileReference; lastKnownFileType = sourcecode.c.objc; path = ScreenCapture.m; sourceTree = "<group>"; };
			3B6574E56FA0E8747A472226 /* CameraModule.h */ = {isa = PBXFileReference; lastKnownFileType = sourcecode.c.h; path = CameraModule.h; sourceTree = "<group>"; };
			572145D589BE80E3180E80AB /* CameraModule.m */ = {isa = PBXFileReference; lastKnownFileType = sourcecode.c.objc; path = CameraModule.m; sourceTree = "<group>"; };
			41F449C55306B55F71025A6F /* ConstantsModule.h */ = {isa = PBXFileReference; lastKnownFileType = sourcecode.c.h; path = ConstantsModule.h; sourceTree = "<group>"; };
			FAE7374AB2C54F940B87D35C /* ConstantsModule.m */ = {isa = PBXFileReference; lastKnownFileType = sourcecode.c.objc; path = ConstantsModule.m; sourceTree = "<group>"; };
			D925817B22D63BF9D385B9CD /* ContactsModule.h */ = {isa = PBXFileReference; lastKnownFileType = sourcecode.c.h; path = ContactsModule.h; sourceTree = "<group>"; };
			719DE1E625383CFC68E40B65 /* ContactsModule.m */ = {isa = PBXFileReference; lastKnownFileType = sourcecode.c.objc; path = ContactsModule.m; sourceTree = "<group>"; };
			E7DB4F3C16157CE5B0709D7C /* FontModule.h */ = {isa = PBXFileReference; lastKnownFileType = sourcecode.c.h; path = FontModule.h; sourceTree = "<group>"; };
			CB8ABE5505EF62696A60B37D /* FontModule.m */ = {isa = PBXFileReference; lastKnownFileType = sourcecode.c.objc; path = FontModule.m; sourceTree = "<group>"; };
			4EF3EED64DD960BE50A620F0 /* LocationModule.h */ = {isa = PBXFileReference; lastKnownFileType = sourcecode.c.h; path = LocationModule.h; sourceTree = "<group>"; };
			45AC0AD46D23CE4A585AB14A /* LocationModule.m */ = {isa = PBXFileReference; lastKnownFileType = sourcecode.c.objc; path = LocationModule.m; sourceTree = "<group>"; };
			3A44040A4732774F178A2E33 /* MediaLibraryModule.h */ = {isa = PBXFileReference; lastKnownFileType = sourcecode.c.h; path = MediaLibraryModule.h; sourceTree = "<group>"; };
			258DBB7476953495F8FAC8A2 /* MediaLibraryModule.m */ = {isa = PBXFileReference; lastKnownFileType = sourcecode.c.objc; path = MediaLibraryModule.m; sourceTree = "<group>"; };
			6C8AC90A94C05488244C76D7 /* NotificationsModule.h */ = {isa = PBXFileReference; lastKnownFileType = sourcecode.c.h; path = NotificationsModule.h; sourceTree = "<group>"; };
			A0472663DBC8F510A9FF2DC6 /* NotificationsModule.m */ = {isa = PBXFileReference; lastKnownFileType = sourcecode.c.objc; path = NotificationsModule.m; sourceTree = "<group>"; };
			BFE7AF785CE16F1E0A94D0EE /* SpeechModule.h */ = {isa = PBXFileReference; lastKnownFileType = sourcecode.c.h; path = SpeechModule.h; sourceTree = "<group>"; };
			CA21ABD98E65980CD2EB9362 /* SpeechModule.m */ = {isa = PBXFileReference; lastKnownFileType = sourcecode.c.objc; path = SpeechModule.m; sourceTree = "<group>"; };
			5995201389F63576D8165326 /* SqliteModule.h */ = {isa = PBXFileReference; lastKnownFileType = sourcecode.c.h; path = SqliteModule.h; sourceTree = "<group>"; };
			834E5B2303C0B67AAD1A1ECA /* SqliteModule.m */ = {isa = PBXFileReference; lastKnownFileType = sourcecode.c.objc; path = SqliteModule.m; sourceTree = "<group>"; };
			B6521990E39E00B624CEF87B /* WebBrowserModule.h */ = {isa = PBXFileReference; lastKnownFileType = sourcecode.c.h; path = WebBrowserModule.h; sourceTree = "<group>"; };
			E50A0403A58B30B50E1AC2D3 /* WebBrowserModule.m */ = {isa = PBXFileReference; lastKnownFileType = sourcecode.c.objc; path = WebBrowserModule.m; sourceTree = "<group>"; };
		B014847C68FE4C51A0461BE2 /* LocalAuthenticationModule.h */ = {isa = PBXFileReference; lastKnownFileType = sourcecode.c.h; path = LocalAuthenticationModule.h; sourceTree = "<group>"; };
		03F7D8B5124D44A9B88A47D6 /* LocalAuthenticationModule.m */ = {isa = PBXFileReference; lastKnownFileType = sourcecode.c.objc; path = LocalAuthenticationModule.m; sourceTree = "<group>"; };
		B8DF1A23B02744EC94A14306 /* SensorsModule.h */ = {isa = PBXFileReference; lastKnownFileType = sourcecode.c.h; path = SensorsModule.h; sourceTree = "<group>"; };
				E27D4CB4E7754CCCA0C8D8EF /* SensorsModule.m */ = {isa = PBXFileReference; lastKnownFileType = sourcecode.c.objc; path = SensorsModule.m; sourceTree = "<group>"; };
				F1B2C3D4E5F6407192AB3C42 /* SecureStoreModule.h */ = {isa = PBXFileReference; lastKnownFileType = sourcecode.c.h; path = SecureStoreModule.h; sourceTree = "<group>"; };
				E1B2C3D4E5F6407192AB3C41 /* SecureStoreModule.m */ = {isa = PBXFileReference; lastKnownFileType = sourcecode.c.objc; path = SecureStoreModule.m; sourceTree = "<group>"; };
				E1C2C3D4A5B6407192AB3C62 /* FileSystemModule.h */ = {isa = PBXFileReference; lastKnownFileType = sourcecode.c.h; path = FileSystemModule.h; sourceTree = "<group>"; };
				E1C2C3D4A5B6407192AB3C61 /* FileSystemModule.m */ = {isa = PBXFileReference; lastKnownFileType = sourcecode.c.objc; path = FileSystemModule.m; sourceTree = "<group>"; };
		170544D8B6C54D73B3AC467D /* ApplicationModule.h */ = {isa = PBXFileReference; lastKnownFileType = sourcecode.c.h; path = ApplicationModule.h; sourceTree = "<group>"; };
		2625597F49024A54A0C40F65 /* BatteryModule.h */ = {isa = PBXFileReference; lastKnownFileType = sourcecode.c.h; path = BatteryModule.h; sourceTree = "<group>"; };
		00E2D20A991C4FD9A2505C50 /* BrightnessModule.h */ = {isa = PBXFileReference; lastKnownFileType = sourcecode.c.h; path = BrightnessModule.h; sourceTree = "<group>"; };
		AF4E05E7AB6E442589FCA5DC /* CellularModule.h */ = {isa = PBXFileReference; lastKnownFileType = sourcecode.c.h; path = CellularModule.h; sourceTree = "<group>"; };
		AC578AE8F0214351B9343738 /* ClipboardModule.h */ = {isa = PBXFileReference; lastKnownFileType = sourcecode.c.h; path = ClipboardModule.h; sourceTree = "<group>"; };
		368CE7A3BB7248EA8F9D567B /* HapticsModule.h */ = {isa = PBXFileReference; lastKnownFileType = sourcecode.c.h; path = HapticsModule.h; sourceTree = "<group>"; };
		6027E5BEAC4B48E4A3F923CA /* ImagePickerModule.h */ = {isa = PBXFileReference; lastKnownFileType = sourcecode.c.h; path = ImagePickerModule.h; sourceTree = "<group>"; };
		D939F51FCB3E4E14B452F488 /* KeepAwakeModule.h */ = {isa = PBXFileReference; lastKnownFileType = sourcecode.c.h; path = KeepAwakeModule.h; sourceTree = "<group>"; };
		7333447EA1A844389FDA663A /* LocalizationModule.h */ = {isa = PBXFileReference; lastKnownFileType = sourcecode.c.h; path = LocalizationModule.h; sourceTree = "<group>"; };
		B83803681B96429985900FE6 /* MailComposerModule.h */ = {isa = PBXFileReference; lastKnownFileType = sourcecode.c.h; path = MailComposerModule.h; sourceTree = "<group>"; };
		67B576B708324EDCB81BD60C /* NetworkModule.h */ = {isa = PBXFileReference; lastKnownFileType = sourcecode.c.h; path = NetworkModule.h; sourceTree = "<group>"; };
		A13EF472D2784A36BAC0C8D0 /* ScreenOrientationModule.h */ = {isa = PBXFileReference; lastKnownFileType = sourcecode.c.h; path = ScreenOrientationModule.h; sourceTree = "<group>"; };
		9FD1E84D2F154E0EB65F4E4A /* StoreReviewModule.h */ = {isa = PBXFileReference; lastKnownFileType = sourcecode.c.h; path = StoreReviewModule.h; sourceTree = "<group>"; };
		7FA27127CE3646FFBA4F50FE /* ApplicationModule.h */ = {isa = PBXFileReference; lastKnownFileType = sourcecode.c.h; path = ApplicationModule.h; sourceTree = "<group>"; };
		81DED127A49849A489E314EC /* BatteryModule.h */ = {isa = PBXFileReference; lastKnownFileType = sourcecode.c.h; path = BatteryModule.h; sourceTree = "<group>"; };
		EB68C395094C48F4990BDB26 /* BrightnessModule.h */ = {isa = PBXFileReference; lastKnownFileType = sourcecode.c.h; path = BrightnessModule.h; sourceTree = "<group>"; };
		EECE5EBA883C425A95E9A3A8 /* CellularModule.h */ = {isa = PBXFileReference; lastKnownFileType = sourcecode.c.h; path = CellularModule.h; sourceTree = "<group>"; };
		D76E9B39AAA949CFB448DD25 /* ClipboardModule.h */ = {isa = PBXFileReference; lastKnownFileType = sourcecode.c.h; path = ClipboardModule.h; sourceTree = "<group>"; };
		3A53C9EB6AC64D97AE8C0EC3 /* HapticsModule.h */ = {isa = PBXFileReference; lastKnownFileType = sourcecode.c.h; path = HapticsModule.h; sourceTree = "<group>"; };
		7F02743CD0C14557A71335B5 /* ImagePickerModule.h */ = {isa = PBXFileReference; lastKnownFileType = sourcecode.c.h; path = ImagePickerModule.h; sourceTree = "<group>"; };
		A3B4637DA0F74E7FBE707324 /* KeepAwakeModule.h */ = {isa = PBXFileReference; lastKnownFileType = sourcecode.c.h; path = KeepAwakeModule.h; sourceTree = "<group>"; };
		9E86684F42CA4A4B9C7AF62F /* LocalizationModule.h */ = {isa = PBXFileReference; lastKnownFileType = sourcecode.c.h; path = LocalizationModule.h; sourceTree = "<group>"; };
		5F8D081322E84F89B34EC3D2 /* MailComposerModule.h */ = {isa = PBXFileReference; lastKnownFileType = sourcecode.c.h; path = MailComposerModule.h; sourceTree = "<group>"; };
		49D1B60059834C048C7156AD /* NetworkModule.h */ = {isa = PBXFileReference; lastKnownFileType = sourcecode.c.h; path = NetworkModule.h; sourceTree = "<group>"; };
		D6DCC8D4966745ED83FBDD89 /* ScreenOrientationModule.h */ = {isa = PBXFileReference; lastKnownFileType = sourcecode.c.h; path = ScreenOrientationModule.h; sourceTree = "<group>"; };
		5395CC9B37F942A3AED11869 /* StoreReviewModule.h */ = {isa = PBXFileReference; lastKnownFileType = sourcecode.c.h; path = StoreReviewModule.h; sourceTree = "<group>"; };
		5C342B921CA544DA87298985 /* ApplicationModule.h */ = {isa = PBXFileReference; lastKnownFileType = sourcecode.c.h; path = ApplicationModule.h; sourceTree = "<group>"; };
		5A04B1C4543D4D93A21A0FAB /* BatteryModule.h */ = {isa = PBXFileReference; lastKnownFileType = sourcecode.c.h; path = BatteryModule.h; sourceTree = "<group>"; };
		539E2AD6E5B4473FA294C04C /* BrightnessModule.h */ = {isa = PBXFileReference; lastKnownFileType = sourcecode.c.h; path = BrightnessModule.h; sourceTree = "<group>"; };
		DCD84D5BF80E4788B2D072FD /* CellularModule.h */ = {isa = PBXFileReference; lastKnownFileType = sourcecode.c.h; path = CellularModule.h; sourceTree = "<group>"; };
		042CA4EBF0EC45A6A6554004 /* ClipboardModule.h */ = {isa = PBXFileReference; lastKnownFileType = sourcecode.c.h; path = ClipboardModule.h; sourceTree = "<group>"; };
		DEEA616BC15C4B7695EEE4E7 /* HapticsModule.h */ = {isa = PBXFileReference; lastKnownFileType = sourcecode.c.h; path = HapticsModule.h; sourceTree = "<group>"; };
		B628EED911AD41AF8D1F5DDF /* ImagePickerModule.h */ = {isa = PBXFileReference; lastKnownFileType = sourcecode.c.h; path = ImagePickerModule.h; sourceTree = "<group>"; };
		D1AFC5C3092A46B39738076D /* KeepAwakeModule.h */ = {isa = PBXFileReference; lastKnownFileType = sourcecode.c.h; path = KeepAwakeModule.h; sourceTree = "<group>"; };
		407B5A063057457884EFCEE9 /* LocalizationModule.h */ = {isa = PBXFileReference; lastKnownFileType = sourcecode.c.h; path = LocalizationModule.h; sourceTree = "<group>"; };
		71836C8F7E884F57A2A5E118 /* MailComposerModule.h */ = {isa = PBXFileReference; lastKnownFileType = sourcecode.c.h; path = MailComposerModule.h; sourceTree = "<group>"; };
		DFF3DD97818C45BE9F93FA3C /* NetworkModule.h */ = {isa = PBXFileReference; lastKnownFileType = sourcecode.c.h; path = NetworkModule.h; sourceTree = "<group>"; };
		9AB2EF7A50804C458020FA8E /* ScreenOrientationModule.h */ = {isa = PBXFileReference; lastKnownFileType = sourcecode.c.h; path = ScreenOrientationModule.h; sourceTree = "<group>"; };
		A2784F2D289143008F95DDBC /* StoreReviewModule.h */ = {isa = PBXFileReference; lastKnownFileType = sourcecode.c.h; path = StoreReviewModule.h; sourceTree = "<group>"; };
		4B6A0BA20C29437DB164478A /* ApplicationModule.h */ = {isa = PBXFileReference; lastKnownFileType = sourcecode.c.h; path = ApplicationModule.h; sourceTree = "<group>"; };
		B26CFA1E93954443AED9FDD0 /* BatteryModule.h */ = {isa = PBXFileReference; lastKnownFileType = sourcecode.c.h; path = BatteryModule.h; sourceTree = "<group>"; };
		90ECD67CB3A14C2A8DC76395 /* BrightnessModule.h */ = {isa = PBXFileReference; lastKnownFileType = sourcecode.c.h; path = BrightnessModule.h; sourceTree = "<group>"; };
		BD585778F6654FDF95890DFD /* CellularModule.h */ = {isa = PBXFileReference; lastKnownFileType = sourcecode.c.h; path = CellularModule.h; sourceTree = "<group>"; };
		C081808C86464F7188CDEFAC /* ClipboardModule.h */ = {isa = PBXFileReference; lastKnownFileType = sourcecode.c.h; path = ClipboardModule.h; sourceTree = "<group>"; };
		1A0690EE699A4B7995BC5F16 /* HapticsModule.h */ = {isa = PBXFileReference; lastKnownFileType = sourcecode.c.h; path = HapticsModule.h; sourceTree = "<group>"; };
		1E497ECEBEA842A1B3957F89 /* ImagePickerModule.h */ = {isa = PBXFileReference; lastKnownFileType = sourcecode.c.h; path = ImagePickerModule.h; sourceTree = "<group>"; };
		C523AE8314A446468F079F1D /* KeepAwakeModule.h */ = {isa = PBXFileReference; lastKnownFileType = sourcecode.c.h; path = KeepAwakeModule.h; sourceTree = "<group>"; };
		60AFCF7924BB4FCD8F10E767 /* LocalizationModule.h */ = {isa = PBXFileReference; lastKnownFileType = sourcecode.c.h; path = LocalizationModule.h; sourceTree = "<group>"; };
		A7BF5603F88445AFB6E26372 /* MailComposerModule.h */ = {isa = PBXFileReference; lastKnownFileType = sourcecode.c.h; path = MailComposerModule.h; sourceTree = "<group>"; };
		A9D81C554F2A45A7AABC0C52 /* NetworkModule.h */ = {isa = PBXFileReference; lastKnownFileType = sourcecode.c.h; path = NetworkModule.h; sourceTree = "<group>"; };
		017852EE383A4309AE7F99B6 /* ScreenOrientationModule.h */ = {isa = PBXFileReference; lastKnownFileType = sourcecode.c.h; path = ScreenOrientationModule.h; sourceTree = "<group>"; };
		0406A1B25AC54CF0B035A7D3 /* StoreReviewModule.h */ = {isa = PBXFileReference; lastKnownFileType = sourcecode.c.h; path = StoreReviewModule.h; sourceTree = "<group>"; };
		E1594719CAAB4881B452EF4E /* StoreKit.framework */ = {isa = PBXFileReference; lastKnownFileType = wrapper.framework; name = StoreKit.framework; path = System/Library/Frameworks/StoreKit.framework; sourceTree = SDKROOT; };
		04983DD422E04617E339C08C /* Pods_LynxExplorerTests.framework */ = {isa = PBXFileReference; explicitFileType = wrapper.framework; includeInIndex = 0; path = Pods_LynxExplorerTests.framework; sourceTree = BUILT_PRODUCTS_DIR; };
		06689C9657D7C23737564C9D /* Pods-LynxExplorer.debug.xcconfig */ = {isa = PBXFileReference; includeInIndex = 1; lastKnownFileType = text.xcconfig; name = "Pods-LynxExplorer.debug.xcconfig"; path = "Target Support Files/Pods-LynxExplorer/Pods-LynxExplorer.debug.xcconfig"; sourceTree = "<group>"; };
		2868314E5A1E86DB78660DF8 /* LynxNodeAPILifecycleListener.mm */ = {isa = PBXFileReference; includeInIndex = 1; lastKnownFileType = sourcecode.cpp.objcpp; name = LynxNodeAPILifecycleListener.mm; path = LynxExplorer/modules/LynxNodeAPILifecycleListener.mm; sourceTree = "<group>"; };
		28FD8BB8690C767E28B8B1A7 /* LynxNodeAPIModule.mm */ = {isa = PBXFileReference; includeInIndex = 1; lastKnownFileType = sourcecode.cpp.objcpp; name = LynxNodeAPIModule.mm; path = LynxExplorer/modules/LynxNodeAPIModule.mm; sourceTree = "<group>"; };
		2A4C3BFADCB0DD1FCC940D10 /* EnvInfoModule.m */ = {isa = PBXFileReference; lastKnownFileType = sourcecode.c.objc; path = EnvInfoModule.m; sourceTree = "<group>"; };
		A1B2C3D4E5F60718293A4B5D1 /* SplashScreenModule.m */ = {isa = PBXFileReference; lastKnownFileType = sourcecode.c.objc; path = SplashScreenModule.m; sourceTree = "<group>"; };
		2B06C8422D34FF7D008D40DD /* LynxExplorerInput.h */ = {isa = PBXFileReference; fileEncoding = 4; lastKnownFileType = sourcecode.c.h; path = LynxExplorerInput.h; sourceTree = "<group>"; };
		2B06C8432D34FF7D008D40DD /* LynxExplorerInput.m */ = {isa = PBXFileReference; fileEncoding = 4; lastKnownFileType = sourcecode.c.objc; path = LynxExplorerInput.m; sourceTree = "<group>"; };
		2B2AA43B2CA14AC200DB0C3E /* TasmDispatcher.h */ = {isa = PBXFileReference; lastKnownFileType = sourcecode.c.h; path = TasmDispatcher.h; sourceTree = "<group>"; };
		2B2AA43C2CA14AC200DB0C3E /* TasmDispatcher.m */ = {isa = PBXFileReference; lastKnownFileType = sourcecode.c.objc; path = TasmDispatcher.m; sourceTree = "<group>"; };
		2B382D752D17B86300C67770 /* LynxInitProcessor.h */ = {isa = PBXFileReference; lastKnownFileType = sourcecode.c.h; path = LynxInitProcessor.h; sourceTree = "<group>"; };
		2B382D762D17B86300C67770 /* LynxInitProcessor.m */ = {isa = PBXFileReference; lastKnownFileType = sourcecode.c.objc; path = LynxInitProcessor.m; sourceTree = "<group>"; };
		2B382D782D17BBAD00C67770 /* TemplateProvider.h */ = {isa = PBXFileReference; lastKnownFileType = sourcecode.c.h; path = TemplateProvider.h; sourceTree = "<group>"; };
		2B382D792D17BBAD00C67770 /* TemplateProvider.m */ = {isa = PBXFileReference; lastKnownFileType = sourcecode.c.objc; path = TemplateProvider.m; sourceTree = "<group>"; };
		2B382D7C2D17BD1500C67770 /* ExplorerModule.h */ = {isa = PBXFileReference; lastKnownFileType = sourcecode.c.h; path = ExplorerModule.h; sourceTree = "<group>"; };
		2B382D7D2D17BD1500C67770 /* ExplorerModule.m */ = {isa = PBXFileReference; lastKnownFileType = sourcecode.c.objc; path = ExplorerModule.m; sourceTree = "<group>"; };
		2B382D7F2D17BDC500C67770 /* UIHelper.h */ = {isa = PBXFileReference; lastKnownFileType = sourcecode.c.h; path = UIHelper.h; sourceTree = "<group>"; };
		2B382D802D17BDC500C67770 /* UIHelper.m */ = {isa = PBXFileReference; lastKnownFileType = sourcecode.c.objc; path = UIHelper.m; sourceTree = "<group>"; };
		2B382D842D17C06D00C67770 /* ScanViewController.h */ = {isa = PBXFileReference; lastKnownFileType = sourcecode.c.h; path = ScanViewController.h; sourceTree = "<group>"; };
		2B382D852D17C06D00C67770 /* ScanViewController.m */ = {isa = PBXFileReference; lastKnownFileType = sourcecode.c.objc; path = ScanViewController.m; sourceTree = "<group>"; };
				2B45A78E2E12870D00EA5D14 /* AVFoundation.framework */ = {isa = PBXFileReference; lastKnownFileType = wrapper.framework; name = AVFoundation.framework; path = System/Library/Frameworks/AVFoundation.framework; sourceTree = SDKROOT; };
			BC2CC7D9164DC2513BE9FEB1 /* AuthenticationServices.framework */ = {isa = PBXFileReference; lastKnownFileType = wrapper.framework; name = AuthenticationServices.framework; path = System/Library/Frameworks/AuthenticationServices.framework; sourceTree = SDKROOT; };
			E6C8E36ABF9AB4BF49541073 /* CoreLocation.framework */ = {isa = PBXFileReference; lastKnownFileType = wrapper.framework; name = CoreLocation.framework; path = System/Library/Frameworks/CoreLocation.framework; sourceTree = SDKROOT; };
			4CDACD126FE6D74CEC6E4F36 /* Contacts.framework */ = {isa = PBXFileReference; lastKnownFileType = wrapper.framework; name = Contacts.framework; path = System/Library/Frameworks/Contacts.framework; sourceTree = SDKROOT; };
			CA407DD98613E910D66C32E2 /* DeviceCheck.framework */ = {isa = PBXFileReference; lastKnownFileType = wrapper.framework; name = DeviceCheck.framework; path = System/Library/Frameworks/DeviceCheck.framework; sourceTree = SDKROOT; };
			ECEF2F43479250C4CAA513EF /* UserNotifications.framework */ = {isa = PBXFileReference; lastKnownFileType = wrapper.framework; name = UserNotifications.framework; path = System/Library/Frameworks/UserNotifications.framework; sourceTree = SDKROOT; };
				F1C2D3E4A5B6407192AB3C51 /* CoreMotion.framework */ = {isa = PBXFileReference; lastKnownFileType = wrapper.framework; name = CoreMotion.framework; path = System/Library/Frameworks/CoreMotion.framework; sourceTree = SDKROOT; };
				F1C2D3E4A5B6407192AB3C53 /* LocalAuthentication.framework */ = {isa = PBXFileReference; lastKnownFileType = wrapper.framework; name = LocalAuthentication.framework; path = System/Library/Frameworks/LocalAuthentication.framework; sourceTree = SDKROOT; };
		2B590A442D633F3A0041DE80 /* DemoGenericResourceFetcher.m */ = {isa = PBXFileReference; lastKnownFileType = sourcecode.c.objc; path = DemoGenericResourceFetcher.m; sourceTree = "<group>"; };
		2B590A462D633F560041DE80 /* DemoGenericResourceFetcher.h */ = {isa = PBXFileReference; lastKnownFileType = sourcecode.c.h; path = DemoGenericResourceFetcher.h; sourceTree = "<group>"; };
		2B590A472D635BD40041DE80 /* DemoMediaResourceFetcher.h */ = {isa = PBXFileReference; lastKnownFileType = sourcecode.c.h; path = DemoMediaResourceFetcher.h; sourceTree = "<group>"; };
		2B590A482D635BEB0041DE80 /* DemoMeidaResourceFetcher.m */ = {isa = PBXFileReference; lastKnownFileType = sourcecode.c.objc; path = DemoMeidaResourceFetcher.m; sourceTree = "<group>"; };
		2B590A4A2D635CD80041DE80 /* DemoTemplateResourceFetcher.h */ = {isa = PBXFileReference; lastKnownFileType = sourcecode.c.h; path = DemoTemplateResourceFetcher.h; sourceTree = "<group>"; };
		2B590A4B2D635CF00041DE80 /* DemoTemplateResourceFetcher.m */ = {isa = PBXFileReference; lastKnownFileType = sourcecode.c.objc; path = DemoTemplateResourceFetcher.m; sourceTree = "<group>"; };
		2B736B892D096F8A000A35F6 /* LynxExplorerTests.xctest */ = {isa = PBXFileReference; explicitFileType = wrapper.cfbundle; includeInIndex = 0; path = LynxExplorerTests.xctest; sourceTree = BUILT_PRODUCTS_DIR; };
		2B736B8B2D096F8A000A35F6 /* LynxExplorerTests.m */ = {isa = PBXFileReference; lastKnownFileType = sourcecode.c.objc; path = LynxExplorerTests.m; sourceTree = "<group>"; };
		2B948F9D2C2D9FD900535C96 /* LynxExplorer.app */ = {isa = PBXFileReference; explicitFileType = wrapper.application; includeInIndex = 0; path = LynxExplorer.app; sourceTree = BUILT_PRODUCTS_DIR; };
		2B948FA02C2D9FD900535C96 /* AppDelegate.h */ = {isa = PBXFileReference; lastKnownFileType = sourcecode.c.h; path = AppDelegate.h; sourceTree = "<group>"; };
		2B948FA12C2D9FD900535C96 /* AppDelegate.mm */ = {isa = PBXFileReference; lastKnownFileType = sourcecode.cpp.objcpp; path = AppDelegate.mm; sourceTree = "<group>"; };
		2B948FA62C2D9FD900535C96 /* LynxViewShellViewController.h */ = {isa = PBXFileReference; lastKnownFileType = sourcecode.c.h; path = LynxViewShellViewController.h; sourceTree = "<group>"; };
		2B948FA72C2D9FD900535C96 /* LynxViewShellViewController.m */ = {isa = PBXFileReference; lastKnownFileType = sourcecode.c.objc; path = LynxViewShellViewController.m; sourceTree = "<group>"; };
		2B948FAA2C2D9FD900535C96 /* Base */ = {isa = PBXFileReference; lastKnownFileType = file.storyboard; name = Base; path = Base.lproj/Main.storyboard; sourceTree = "<group>"; };
		2B948FAC2C2D9FDC00535C96 /* Assets.xcassets */ = {isa = PBXFileReference; lastKnownFileType = folder.assetcatalog; path = Assets.xcassets; sourceTree = "<group>"; };
		2B948FAF2C2D9FDC00535C96 /* Base */ = {isa = PBXFileReference; lastKnownFileType = file.storyboard; name = Base; path = Base.lproj/LaunchScreen.storyboard; sourceTree = "<group>"; };
		2B948FB12C2D9FDC00535C96 /* Info.plist */ = {isa = PBXFileReference; lastKnownFileType = text.plist.xml; path = Info.plist; sourceTree = "<group>"; };
		2B948FB22C2D9FDC00535C96 /* main.m */ = {isa = PBXFileReference; lastKnownFileType = sourcecode.c.objc; path = main.m; sourceTree = "<group>"; };
		2B948FB92C2DA16A00535C96 /* Resource */ = {isa = PBXFileReference; lastKnownFileType = folder; path = Resource; sourceTree = "<group>"; };
		2BB78AD12D1D18FA00060E1C /* LynxSettingManager.h */ = {isa = PBXFileReference; fileEncoding = 4; lastKnownFileType = sourcecode.c.h; path = LynxSettingManager.h; sourceTree = "<group>"; };
		2BB78AD22D1D18FA00060E1C /* LynxSettingManager.m */ = {isa = PBXFileReference; fileEncoding = 4; lastKnownFileType = sourcecode.c.objc; path = LynxSettingManager.m; sourceTree = "<group>"; };
		2BEA8AE82E0002C9001BCB2C /* LynxRecorderDefaultActionCallback.h */ = {isa = PBXFileReference; lastKnownFileType = sourcecode.c.h; path = LynxRecorderDefaultActionCallback.h; sourceTree = "<group>"; };
		2BEA8AE92E0002C9001BCB2C /* LynxRecorderDefaultActionCallback.m */ = {isa = PBXFileReference; lastKnownFileType = sourcecode.c.objc; path = LynxRecorderDefaultActionCallback.m; sourceTree = "<group>"; };
		3D5136B1061E6DA78988D03D /* Pods-LynxExplorer.release.xcconfig */ = {isa = PBXFileReference; includeInIndex = 1; lastKnownFileType = text.xcconfig; name = "Pods-LynxExplorer.release.xcconfig"; path = "Target Support Files/Pods-LynxExplorer/Pods-LynxExplorer.release.xcconfig"; sourceTree = "<group>"; };
		9D4CED38718D5551D86C4EFA /* EnvInfoModule.h */ = {isa = PBXFileReference; lastKnownFileType = sourcecode.c.h; path = EnvInfoModule.h; sourceTree = "<group>"; };
		B2C3D4E5F60718293A4B5D2A /* SplashScreenModule.h */ = {isa = PBXFileReference; lastKnownFileType = sourcecode.c.h; path = SplashScreenModule.h; sourceTree = "<group>"; };
		57ED863821DCD17A208774F0 /* Pods-LynxExplorerTests.debug.xcconfig */ = {isa = PBXFileReference; includeInIndex = 1; lastKnownFileType = text.xcconfig; name = "Pods-LynxExplorerTests.debug.xcconfig"; path = "Target Support Files/Pods-LynxExplorerTests/Pods-LynxExplorerTests.debug.xcconfig"; sourceTree = "<group>"; };
		6A2EED25F509F8799752D130 /* LynxNodeAPIModule.h */ = {isa = PBXFileReference; includeInIndex = 1; lastKnownFileType = sourcecode.c.h; name = LynxNodeAPIModule.h; path = LynxExplorer/modules/LynxNodeAPIModule.h; sourceTree = "<group>"; };
		788EA02E6300A547EB752932 /* RouterServiceImpl.swift */ = {isa = PBXFileReference; includeInIndex = 1; lastKnownFileType = sourcecode.swift; path = RouterServiceImpl.swift; sourceTree = "<group>"; };
		8C1370CB7EB592C4C56D8443 /* LynxNodeAPILifecycleListener.h */ = {isa = PBXFileReference; includeInIndex = 1; lastKnownFileType = sourcecode.c.h; name = LynxNodeAPILifecycleListener.h; path = LynxExplorer/modules/LynxNodeAPILifecycleListener.h; sourceTree = "<group>"; };
		B20C439237B8FC5CD49DAA94 /* Pods_LynxExplorer.framework */ = {isa = PBXFileReference; explicitFileType = wrapper.framework; includeInIndex = 0; path = Pods_LynxExplorer.framework; sourceTree = BUILT_PRODUCTS_DIR; };
		C0DE00000000000000000001 /* LaunchDescriptor.swift */ = {isa = PBXFileReference; lastKnownFileType = sourcecode.swift; path = LaunchDescriptor.swift; sourceTree = "<group>"; };
		C0DE00000000000000000002 /* LaunchDescriptorParser.swift */ = {isa = PBXFileReference; lastKnownFileType = sourcecode.swift; path = LaunchDescriptorParser.swift; sourceTree = "<group>"; };
		C0DE00000000000000000003 /* LaunchDescriptorParserTests.swift */ = {isa = PBXFileReference; lastKnownFileType = sourcecode.swift; path = LaunchDescriptorParserTests.swift; sourceTree = "<group>"; };
		C0DE00000000000000000005 /* SparklingSchemeAdapter.swift */ = {isa = PBXFileReference; lastKnownFileType = sourcecode.swift; path = SparklingSchemeAdapter.swift; sourceTree = "<group>"; };
		C0DE00000000000000000006 /* SparklingSchemeAdapterTests.swift */ = {isa = PBXFileReference; lastKnownFileType = sourcecode.swift; path = SparklingSchemeAdapterTests.swift; sourceTree = "<group>"; };
		C0DE00000000000000000007 /* RouteCoordinator.swift */ = {isa = PBXFileReference; lastKnownFileType = sourcecode.swift; path = RouteCoordinator.swift; sourceTree = "<group>"; };
		C0DE00000000000000000008 /* NavigationHost.swift */ = {isa = PBXFileReference; lastKnownFileType = sourcecode.swift; path = NavigationHost.swift; sourceTree = "<group>"; };
		C0DE00000000000000000009 /* RouteCoordinatorTests.swift */ = {isa = PBXFileReference; lastKnownFileType = sourcecode.swift; path = RouteCoordinatorTests.swift; sourceTree = "<group>"; };
		C0DE0000000000000000000A /* LegacyContainerLauncher.swift */ = {isa = PBXFileReference; lastKnownFileType = sourcecode.swift; path = LegacyContainerLauncher.swift; sourceTree = "<group>"; };
		C0DE0000000000000000000B /* LegacyContainerLauncherTests.swift */ = {isa = PBXFileReference; lastKnownFileType = sourcecode.swift; path = LegacyContainerLauncherTests.swift; sourceTree = "<group>"; };
		C0DE0000000000000000000C /* GlobalPropsMergerTests.swift */ = {isa = PBXFileReference; lastKnownFileType = sourcecode.swift; path = GlobalPropsMergerTests.swift; sourceTree = "<group>"; };
		C0DE0000000000000000000D /* SparklingContainerLauncherTests.swift */ = {isa = PBXFileReference; lastKnownFileType = sourcecode.swift; path = SparklingContainerLauncherTests.swift; sourceTree = "<group>"; };
		C0DE0000000000000000000E /* GlobalPropsMerger.swift */ = {isa = PBXFileReference; lastKnownFileType = sourcecode.swift; path = GlobalPropsMerger.swift; sourceTree = "<group>"; };
		C0DE0000000000000000000F /* SparklingContainerLauncher.swift */ = {isa = PBXFileReference; lastKnownFileType = sourcecode.swift; path = SparklingContainerLauncher.swift; sourceTree = "<group>"; };
		C0DE00000000000000000010 /* RouteEntryAdapterTests.swift */ = {isa = PBXFileReference; lastKnownFileType = sourcecode.swift; path = RouteEntryAdapterTests.swift; sourceTree = "<group>"; };
		C0DE00000000000000000020 /* RouteEntryAdapter.swift */ = {isa = PBXFileReference; lastKnownFileType = sourcecode.swift; path = RouteEntryAdapter.swift; sourceTree = "<group>"; };
		C0DE00000000000000000023 /* ExplorerLoadingView.swift */ = {isa = PBXFileReference; lastKnownFileType = sourcecode.swift; path = ExplorerLoadingView.swift; sourceTree = "<group>"; };
		D6CEA873C7121D005AC53896 /* SPKServiceRegistrar.swift */ = {isa = PBXFileReference; includeInIndex = 1; lastKnownFileType = sourcecode.swift; path = SPKServiceRegistrar.swift; sourceTree = "<group>"; };
		DF169EBBCC082EC6EA23B30F /* LynxExplorer-Bridging-Header.h */ = {isa = PBXFileReference; includeInIndex = 1; lastKnownFileType = sourcecode.c.h; path = "LynxExplorer-Bridging-Header.h"; sourceTree = "<group>"; };
		E34A26BD2270292DB2C29E7C /* LynxNodeAPI.cc */ = {isa = PBXFileReference; includeInIndex = 1; lastKnownFileType = sourcecode.cpp.cpp; name = LynxNodeAPI.cc; path = ../../../../explorer/cpp/LynxNodeAPI.cc; sourceTree = "<group>"; };
		EB1305961A484453D956B5DF /* Pods-LynxExplorerTests.release.xcconfig */ = {isa = PBXFileReference; includeInIndex = 1; lastKnownFileType = text.xcconfig; name = "Pods-LynxExplorerTests.release.xcconfig"; path = "Target Support Files/Pods-LynxExplorerTests/Pods-LynxExplorerTests.release.xcconfig"; sourceTree = "<group>"; };
		F6836D27F25227FB38B03854 /* LynxNodeAPI.h */ = {isa = PBXFileReference; includeInIndex = 1; lastKnownFileType = sourcecode.c.h; name = LynxNodeAPI.h; path = ../../../../explorer/cpp/LynxNodeAPI.h; sourceTree = "<group>"; };
/* End PBXFileReference section */

/* Begin PBXFrameworksBuildPhase section */
		2B736B862D096F8A000A35F6 /* Frameworks */ = {
			isa = PBXFrameworksBuildPhase;
			buildActionMask = 2147483647;
			files = (
				FCDCFAC8ED4DEC4A4E76E61B /* Pods_LynxExplorerTests.framework in Frameworks */,
			);
			runOnlyForDeploymentPostprocessing = 0;
		};
		2B948F9A2C2D9FD900535C96 /* Frameworks */ = {
			isa = PBXFrameworksBuildPhase;
			buildActionMask = 2147483647;
			files = (
				2B45A78F2E12870D00EA5D14 /* AVFoundation.framework in Frameworks */,
				2382D8A5F0D0A9100CA44442 /* AuthenticationServices.framework in Frameworks */,
				276D4833F930276D810921AB /* CoreLocation.framework in Frameworks */,
				C59796EA39994462B82C30C0 /* Contacts.framework in Frameworks */,
				273703F1FC57768D832C5E66 /* DeviceCheck.framework in Frameworks */,
				17F62A1220D5B5DBBBD287A3 /* UserNotifications.framework in Frameworks */,
				7C3C6A602EA1433EBB1F2610 /* Photos.framework in Frameworks */,
								5206A9B80CBD431CBA942530 /* StoreKit.framework in Frameworks */,
								F1C2D3E4A5B6407192AB3C50 /* CoreMotion.framework in Frameworks */,
								F1C2D3E4A5B6407192AB3C52 /* LocalAuthentication.framework in Frameworks */,
								455F65A962D4C367198F43C0 /* Pods_LynxExplorer.framework in Frameworks */,
			);
			runOnlyForDeploymentPostprocessing = 0;
		};
/* End PBXFrameworksBuildPhase section */

/* Begin PBXGroup section */
		00E4BAD064BBA6BEF5495D94 /* Pods */ = {
			isa = PBXGroup;
			children = (
				06689C9657D7C23737564C9D /* Pods-LynxExplorer.debug.xcconfig */,
				3D5136B1061E6DA78988D03D /* Pods-LynxExplorer.release.xcconfig */,
				57ED863821DCD17A208774F0 /* Pods-LynxExplorerTests.debug.xcconfig */,
				EB1305961A484453D956B5DF /* Pods-LynxExplorerTests.release.xcconfig */,
			);
			path = Pods;
			sourceTree = "<group>";
		};
		06952CDB28F86F5A917BAA97 /* LynxNodeAPI */ = {
			isa = PBXGroup;
			children = (
				8C1370CB7EB592C4C56D8443 /* LynxNodeAPILifecycleListener.h */,
				2868314E5A1E86DB78660DF8 /* LynxNodeAPILifecycleListener.mm */,
				6A2EED25F509F8799752D130 /* LynxNodeAPIModule.h */,
				28FD8BB8690C767E28B8B1A7 /* LynxNodeAPIModule.mm */,
				E34A26BD2270292DB2C29E7C /* LynxNodeAPI.cc */,
				F6836D27F25227FB38B03854 /* LynxNodeAPI.h */,
			);
			name = LynxNodeAPI;
			sourceTree = "<group>";
		};
		2B06C8412D34FF7C008D40DD /* input */ = {
			isa = PBXGroup;
			children = (
				2B06C8422D34FF7D008D40DD /* LynxExplorerInput.h */,
				2B06C8432D34FF7D008D40DD /* LynxExplorerInput.m */,
			);
			path = input;
			sourceTree = "<group>";
		};
		2B382D7B2D17BCDC00C67770 /* modules */ = {
			isa = PBXGroup;
			children = (
				2BB78AD12D1D18FA00060E1C /* LynxSettingManager.h */,
				2BB78AD22D1D18FA00060E1C /* LynxSettingManager.m */,
				2B382D7C2D17BD1500C67770 /* ExplorerModule.h */,
				2B382D7D2D17BD1500C67770 /* ExplorerModule.m */,
				9D4CED38718D5551D86C4EFA /* EnvInfoModule.h */,
				2A4C3BFADCB0DD1FCC940D10 /* EnvInfoModule.m */,
				B2C3D4E5F60718293A4B5D2A /* SplashScreenModule.h */,
				A1B2C3D4E5F60718293A4B5D1 /* SplashScreenModule.m */,
				C9E4EB0522434A77985034FC /* ApplicationModule.h */,
				5666580786A44098AB66AB82 /* ApplicationModule.m */,
				B4152DB461F842E1BD11970E /* BatteryModule.h */,
				35BDFC2BDECF4FF58097C7AE /* BatteryModule.m */,
				DB1A3DB0BA0146E29258A439 /* BrightnessModule.h */,
				769BAEF8839C45CC90450996 /* BrightnessModule.m */,
				F40BB34DC86C473682C7161B /* CellularModule.h */,
				F410F51DA98F48D684D8E80F /* CellularModule.m */,
				091707EE1B434794BB0BE606 /* ClipboardModule.h */,
				9DA84C02162C49A38E2D2BD8 /* ClipboardModule.m */,
				88BC6A96A69C4ABFAD741F29 /* HapticsModule.h */,
				37A9DF7C9C754C03AB589DDE /* HapticsModule.m */,
				B75BF6BB7F4043E4BB99FA08 /* ImagePickerModule.h */,
				F7D63A000B2B4D3795ACE694 /* ImagePickerModule.m */,
				BC0370CA51E94022AD1D1144 /* KeepAwakeModule.h */,
				95378DAA6FC844A9988EA892 /* KeepAwakeModule.m */,
				7204E2908E91469681EB4B43 /* LocalizationModule.h */,
				319A2559533C464991DEFF3E /* LocalizationModule.m */,
				918A02617CE641F5B63CD982 /* MailComposerModule.h */,
				D04E4E22F4DB47A7983CD854 /* MailComposerModule.m */,
				CD4F2041AC644BC09E157144 /* NetworkModule.h */,
				7BAE213E0AC44C8D97F8AAAB /* NetworkModule.m */,
				ACC0CDB08D6240889362E0A3 /* ScreenOrientationModule.h */,
				AC566ECCC99B4F71B6D31455 /* ScreenOrientationModule.m */,
				0604C6009257498A9E6FD936 /* StoreReviewModule.h */,
				8132B4A0AC6C48F999755B31 /* StoreReviewModule.m */,
				18C5CE83491747D1898E91FB /* CryptoModule.h */,
				23B3E621F4D640F18AA6CED6 /* CryptoModule.m */,
				DF1947407F64B77EB923EDEE /* AppIntegrity.h */,
				E83094A8B68437BDE5296D17 /* AppIntegrity.m */,
				ED938958FD88DBAF6454D033 /* AppleAuthentication.h */,
				CF737E6675BD6A65B2E18818 /* AppleAuthentication.m */,
				9047A459F21B3005D8BBC3DF /* LivePhoto.h */,
				0FD02E7AF6E2B3999D37F3D5 /* LivePhoto.m */,
				99215D596BF9FC477F2BE8E3 /* Asset.h */,
				790043D4828184C566DF9E47 /* Asset.m */,
				398E0912FECE9B7701A4DC0E /* AuthSession.h */,
				7A69B700286FD2A5CDEEF7C7 /* AuthSession.m */,
				B4690F9BF9ECA9A77BA4DB6C /* NetworkAddons.h */,
				7000E63B5221E5BF70878105 /* NetworkAddons.m */,
				467A541DD8F0C236B18BEE4C /* StandardWebCrypto.h */,
				DD411771AFBA3649874B9D59 /* StandardWebCrypto.m */,
				35C4E2BEDCA92601405467E2 /* ScreenCapture.h */,
				4F27D97D4ECD8C7C42D69352 /* ScreenCapture.m */,
				3B6574E56FA0E8747A472226 /* CameraModule.h */,
				572145D589BE80E3180E80AB /* CameraModule.m */,
				41F449C55306B55F71025A6F /* ConstantsModule.h */,
				FAE7374AB2C54F940B87D35C /* ConstantsModule.m */,
				D925817B22D63BF9D385B9CD /* ContactsModule.h */,
				719DE1E625383CFC68E40B65 /* ContactsModule.m */,
				E7DB4F3C16157CE5B0709D7C /* FontModule.h */,
				CB8ABE5505EF62696A60B37D /* FontModule.m */,
				4EF3EED64DD960BE50A620F0 /* LocationModule.h */,
				45AC0AD46D23CE4A585AB14A /* LocationModule.m */,
				3A44040A4732774F178A2E33 /* MediaLibraryModule.h */,
				258DBB7476953495F8FAC8A2 /* MediaLibraryModule.m */,
				6C8AC90A94C05488244C76D7 /* NotificationsModule.h */,
				A0472663DBC8F510A9FF2DC6 /* NotificationsModule.m */,
				BFE7AF785CE16F1E0A94D0EE /* SpeechModule.h */,
				CA21ABD98E65980CD2EB9362 /* SpeechModule.m */,
				5995201389F63576D8165326 /* SqliteModule.h */,
				834E5B2303C0B67AAD1A1ECA /* SqliteModule.m */,
				B6521990E39E00B624CEF87B /* WebBrowserModule.h */,
				E50A0403A58B30B50E1AC2D3 /* WebBrowserModule.m */,
				B014847C68FE4C51A0461BE2 /* LocalAuthenticationModule.h */,
				03F7D8B5124D44A9B88A47D6 /* LocalAuthenticationModule.m */,
				B8DF1A23B02744EC94A14306 /* SensorsModule.h */,
								E27D4CB4E7754CCCA0C8D8EF /* SensorsModule.m */,
								F1B2C3D4E5F6407192AB3C42 /* SecureStoreModule.h */,
								E1B2C3D4E5F6407192AB3C41 /* SecureStoreModule.m */,
								E1C2C3D4A5B6407192AB3C62 /* FileSystemModule.h */,
								E1C2C3D4A5B6407192AB3C61 /* FileSystemModule.m */,
				DC706EE4E3554D498DE8334D /* ApplicationModule.h */,
				739F0759108C41C0A4DE0723 /* BatteryModule.h */,
				F5FE71FAB9534DE89FE3BAC0 /* BrightnessModule.h */,
				634CEA5EF7704543A9C591AD /* CellularModule.h */,
				9E20D0399785450DAA4AE9E3 /* ClipboardModule.h */,
				6CD8800CD66F47FF885E986F /* HapticsModule.h */,
				A68DAD346E4D4820A7116D56 /* ImagePickerModule.h */,
				2C44202A8CC0485CB5EDFC9C /* KeepAwakeModule.h */,
				6158E14131C541CAB0849AD8 /* LocalizationModule.h */,
				F450D7CD19784037BF6D5B04 /* MailComposerModule.h */,
				5393521CB3574D53A6B85F6A /* NetworkModule.h */,
				FFD4827AC1E14F35A0A482C1 /* ScreenOrientationModule.h */,
				8D1FFF5C0E674E30B5798D81 /* StoreReviewModule.h */,
				170544D8B6C54D73B3AC467D /* ApplicationModule.h */,
				2625597F49024A54A0C40F65 /* BatteryModule.h */,
				00E2D20A991C4FD9A2505C50 /* BrightnessModule.h */,
				AF4E05E7AB6E442589FCA5DC /* CellularModule.h */,
				AC578AE8F0214351B9343738 /* ClipboardModule.h */,
				368CE7A3BB7248EA8F9D567B /* HapticsModule.h */,
				6027E5BEAC4B48E4A3F923CA /* ImagePickerModule.h */,
				D939F51FCB3E4E14B452F488 /* KeepAwakeModule.h */,
				7333447EA1A844389FDA663A /* LocalizationModule.h */,
				B83803681B96429985900FE6 /* MailComposerModule.h */,
				67B576B708324EDCB81BD60C /* NetworkModule.h */,
				A13EF472D2784A36BAC0C8D0 /* ScreenOrientationModule.h */,
				9FD1E84D2F154E0EB65F4E4A /* StoreReviewModule.h */,
				7FA27127CE3646FFBA4F50FE /* ApplicationModule.h */,
				81DED127A49849A489E314EC /* BatteryModule.h */,
				EB68C395094C48F4990BDB26 /* BrightnessModule.h */,
				EECE5EBA883C425A95E9A3A8 /* CellularModule.h */,
				D76E9B39AAA949CFB448DD25 /* ClipboardModule.h */,
				3A53C9EB6AC64D97AE8C0EC3 /* HapticsModule.h */,
				7F02743CD0C14557A71335B5 /* ImagePickerModule.h */,
				A3B4637DA0F74E7FBE707324 /* KeepAwakeModule.h */,
				9E86684F42CA4A4B9C7AF62F /* LocalizationModule.h */,
				5F8D081322E84F89B34EC3D2 /* MailComposerModule.h */,
				49D1B60059834C048C7156AD /* NetworkModule.h */,
				D6DCC8D4966745ED83FBDD89 /* ScreenOrientationModule.h */,
				5395CC9B37F942A3AED11869 /* StoreReviewModule.h */,
				5C342B921CA544DA87298985 /* ApplicationModule.h */,
				5A04B1C4543D4D93A21A0FAB /* BatteryModule.h */,
				539E2AD6E5B4473FA294C04C /* BrightnessModule.h */,
				DCD84D5BF80E4788B2D072FD /* CellularModule.h */,
				042CA4EBF0EC45A6A6554004 /* ClipboardModule.h */,
				DEEA616BC15C4B7695EEE4E7 /* HapticsModule.h */,
				B628EED911AD41AF8D1F5DDF /* ImagePickerModule.h */,
				D1AFC5C3092A46B39738076D /* KeepAwakeModule.h */,
				407B5A063057457884EFCEE9 /* LocalizationModule.h */,
				71836C8F7E884F57A2A5E118 /* MailComposerModule.h */,
				DFF3DD97818C45BE9F93FA3C /* NetworkModule.h */,
				9AB2EF7A50804C458020FA8E /* ScreenOrientationModule.h */,
				A2784F2D289143008F95DDBC /* StoreReviewModule.h */,
				4B6A0BA20C29437DB164478A /* ApplicationModule.h */,
				B26CFA1E93954443AED9FDD0 /* BatteryModule.h */,
				90ECD67CB3A14C2A8DC76395 /* BrightnessModule.h */,
				BD585778F6654FDF95890DFD /* CellularModule.h */,
				C081808C86464F7188CDEFAC /* ClipboardModule.h */,
				1A0690EE699A4B7995BC5F16 /* HapticsModule.h */,
				1E497ECEBEA842A1B3957F89 /* ImagePickerModule.h */,
				C523AE8314A446468F079F1D /* KeepAwakeModule.h */,
				60AFCF7924BB4FCD8F10E767 /* LocalizationModule.h */,
				A7BF5603F88445AFB6E26372 /* MailComposerModule.h */,
				A9D81C554F2A45A7AABC0C52 /* NetworkModule.h */,
				017852EE383A4309AE7F99B6 /* ScreenOrientationModule.h */,
				0406A1B25AC54CF0B035A7D3 /* StoreReviewModule.h */,
			);
			path = modules;
			sourceTree = "<group>";
		};
		2B382D822D17BF9200C67770 /* scan */ = {
			isa = PBXGroup;
			children = (
				2B382D842D17C06D00C67770 /* ScanViewController.h */,
				2B382D852D17C06D00C67770 /* ScanViewController.m */,
			);
			path = scan;
			sourceTree = "<group>";
		};
		2B382D832D17BFB100C67770 /* provider */ = {
			isa = PBXGroup;
			children = (
				2B382D782D17BBAD00C67770 /* TemplateProvider.h */,
				2B382D792D17BBAD00C67770 /* TemplateProvider.m */,
				2B590A442D633F3A0041DE80 /* DemoGenericResourceFetcher.m */,
				2B590A462D633F560041DE80 /* DemoGenericResourceFetcher.h */,
				2B590A472D635BD40041DE80 /* DemoMediaResourceFetcher.h */,
				2B590A482D635BEB0041DE80 /* DemoMeidaResourceFetcher.m */,
				2B590A4A2D635CD80041DE80 /* DemoTemplateResourceFetcher.h */,
				2B590A4B2D635CF00041DE80 /* DemoTemplateResourceFetcher.m */,
			);
			path = provider;
			sourceTree = "<group>";
		};
		2B382D872D17C09800C67770 /* utils */ = {
			isa = PBXGroup;
			children = (
				2B382D7F2D17BDC500C67770 /* UIHelper.h */,
				2B382D802D17BDC500C67770 /* UIHelper.m */,
			);
			path = utils;
			sourceTree = "<group>";
		};
		2B736B8A2D096F8A000A35F6 /* LynxExplorerTests */ = {
			isa = PBXGroup;
			children = (
				2B736B8B2D096F8A000A35F6 /* LynxExplorerTests.m */,
				C0DE00000000000000000003 /* LaunchDescriptorParserTests.swift */,
				C0DE00000000000000000006 /* SparklingSchemeAdapterTests.swift */,
				C0DE00000000000000000009 /* RouteCoordinatorTests.swift */,
				C0DE0000000000000000000B /* LegacyContainerLauncherTests.swift */,
				C0DE0000000000000000000C /* GlobalPropsMergerTests.swift */,
				C0DE0000000000000000000D /* SparklingContainerLauncherTests.swift */,
				C0DE00000000000000000010 /* RouteEntryAdapterTests.swift */,
			);
			path = LynxExplorerTests;
			sourceTree = "<group>";
		};
		2B948F942C2D9FD900535C96 = {
			isa = PBXGroup;
			children = (
				2B948F9F2C2D9FD900535C96 /* LynxExplorer */,
				2B736B8A2D096F8A000A35F6 /* LynxExplorerTests */,
				2B948F9E2C2D9FD900535C96 /* Products */,
				00E4BAD064BBA6BEF5495D94 /* Pods */,
				2BFD22742DF023B900C63CBF /* Recovered References */,
				6D328CEA3170579FA13A1A64 /* Frameworks */,
				06952CDB28F86F5A917BAA97 /* LynxNodeAPI */,
			);
			sourceTree = "<group>";
		};
		2B948F9E2C2D9FD900535C96 /* Products */ = {
			isa = PBXGroup;
			children = (
				2B948F9D2C2D9FD900535C96 /* LynxExplorer.app */,
				2B736B892D096F8A000A35F6 /* LynxExplorerTests.xctest */,
			);
			name = Products;
			sourceTree = "<group>";
		};
		2B948F9F2C2D9FD900535C96 /* LynxExplorer */ = {
			isa = PBXGroup;
			children = (
				C0DE00000000000000000004 /* routing */,
				2BEA8AE72E00027F001BCB2C /* lynxrecorder */,
				2B06C8412D34FF7C008D40DD /* input */,
				2B382D872D17C09800C67770 /* utils */,
				2B382D832D17BFB100C67770 /* provider */,
				2B382D822D17BF9200C67770 /* scan */,
				2B382D7B2D17BCDC00C67770 /* modules */,
				2B948FA02C2D9FD900535C96 /* AppDelegate.h */,
				2B948FA12C2D9FD900535C96 /* AppDelegate.mm */,
				2B948FA62C2D9FD900535C96 /* LynxViewShellViewController.h */,
				2B948FA72C2D9FD900535C96 /* LynxViewShellViewController.m */,
				2B948FA92C2D9FD900535C96 /* Main.storyboard */,
				2B948FAC2C2D9FDC00535C96 /* Assets.xcassets */,
				2B948FB92C2DA16A00535C96 /* Resource */,
				2B948FAE2C2D9FDC00535C96 /* LaunchScreen.storyboard */,
				2B948FB12C2D9FDC00535C96 /* Info.plist */,
				2B948FB22C2D9FDC00535C96 /* main.m */,
				2B2AA43B2CA14AC200DB0C3E /* TasmDispatcher.h */,
				2B2AA43C2CA14AC200DB0C3E /* TasmDispatcher.m */,
				2B382D752D17B86300C67770 /* LynxInitProcessor.h */,
				2B382D762D17B86300C67770 /* LynxInitProcessor.m */,
				D6CEA873C7121D005AC53896 /* SPKServiceRegistrar.swift */,
				788EA02E6300A547EB752932 /* RouterServiceImpl.swift */,
				DF169EBBCC082EC6EA23B30F /* LynxExplorer-Bridging-Header.h */,
			);
			path = LynxExplorer;
			sourceTree = "<group>";
		};
		2BEA8AE72E00027F001BCB2C /* lynxrecorder */ = {
			isa = PBXGroup;
			children = (
				2BEA8AE82E0002C9001BCB2C /* LynxRecorderDefaultActionCallback.h */,
				2BEA8AE92E0002C9001BCB2C /* LynxRecorderDefaultActionCallback.m */,
			);
			path = lynxrecorder;
			sourceTree = "<group>";
		};
		2BFD22742DF023B900C63CBF /* Recovered References */ = {
			isa = PBXGroup;
			children = (
			);
			name = "Recovered References";
			sourceTree = "<group>";
		};
		6D328CEA3170579FA13A1A64 /* Frameworks */ = {
			isa = PBXGroup;
			children = (
				2B45A78E2E12870D00EA5D14 /* AVFoundation.framework */,
				BC2CC7D9164DC2513BE9FEB1 /* AuthenticationServices.framework */,
				E6C8E36ABF9AB4BF49541073 /* CoreLocation.framework */,
				4CDACD126FE6D74CEC6E4F36 /* Contacts.framework */,
				CA407DD98613E910D66C32E2 /* DeviceCheck.framework */,
				ECEF2F43479250C4CAA513EF /* UserNotifications.framework */,
				E3F070B78CB64996AE9032B7 /* Photos.framework */,
				E1594719CAAB4881B452EF4E /* StoreKit.framework */,
				B20C439237B8FC5CD49DAA94 /* Pods_LynxExplorer.framework */,
				04983DD422E04617E339C08C /* Pods_LynxExplorerTests.framework */,
			);
			name = Frameworks;
			sourceTree = "<group>";
		};
		C0DE00000000000000000004 /* routing */ = {
			isa = PBXGroup;
			children = (
				C0DE00000000000000000001 /* LaunchDescriptor.swift */,
				C0DE00000000000000000002 /* LaunchDescriptorParser.swift */,
				C0DE00000000000000000005 /* SparklingSchemeAdapter.swift */,
				C0DE00000000000000000007 /* RouteCoordinator.swift */,
				C0DE00000000000000000020 /* RouteEntryAdapter.swift */,
				C0DE00000000000000000008 /* NavigationHost.swift */,
				C0DE0000000000000000000A /* LegacyContainerLauncher.swift */,
				C0DE0000000000000000000E /* GlobalPropsMerger.swift */,
				C0DE0000000000000000000F /* SparklingContainerLauncher.swift */,
				C0DE00000000000000000023 /* ExplorerLoadingView.swift */,
			);
			path = routing;
			sourceTree = "<group>";
		};
/* End PBXGroup section */

/* Begin PBXNativeTarget section */
		2B736B882D096F8A000A35F6 /* LynxExplorerTests */ = {
			isa = PBXNativeTarget;
			buildConfigurationList = 2B736B912D096F8A000A35F6 /* Build configuration list for PBXNativeTarget "LynxExplorerTests" */;
			buildPhases = (
				0B118B90DCF890F39E0FBAFC /* [CP] Check Pods Manifest.lock */,
				2B736B852D096F8A000A35F6 /* Sources */,
				2B736B862D096F8A000A35F6 /* Frameworks */,
				2B736B872D096F8A000A35F6 /* Resources */,
			);
			buildRules = (
			);
			dependencies = (
				2B736B8E2D096F8A000A35F6 /* PBXTargetDependency */,
			);
			name = LynxExplorerTests;
			productName = LynxExplorerTests;
			productReference = 2B736B892D096F8A000A35F6 /* LynxExplorerTests.xctest */;
			productType = "com.apple.product-type.bundle.unit-test";
		};
		2B948F9C2C2D9FD900535C96 /* LynxExplorer */ = {
			isa = PBXNativeTarget;
			buildConfigurationList = 2B948FB62C2D9FDC00535C96 /* Build configuration list for PBXNativeTarget "LynxExplorer" */;
			buildPhases = (
				BC2FFAED995ABA387F0728EC /* [CP] Check Pods Manifest.lock */,
				2B948F992C2D9FD900535C96 /* Sources */,
				2B948F9A2C2D9FD900535C96 /* Frameworks */,
				2B948F9B2C2D9FD900535C96 /* Resources */,
				1884EAAF347C59DE363EEF1A /* [CP] Copy Pods Resources */,
			);
			buildRules = (
			);
			dependencies = (
			);
			name = LynxExplorer;
			productName = LynxExplorer;
			productReference = 2B948F9D2C2D9FD900535C96 /* LynxExplorer.app */;
			productType = "com.apple.product-type.application";
		};
/* End PBXNativeTarget section */

/* Begin PBXProject section */
		2B948F952C2D9FD900535C96 /* Project object */ = {
			isa = PBXProject;
			attributes = {
				BuildIndependentTargetsInParallel = 1;
				LastUpgradeCheck = 1510;
				TargetAttributes = {
					2B736B882D096F8A000A35F6 = {
						CreatedOnToolsVersion = 13.2.1;
						TestTargetID = 2B948F9C2C2D9FD900535C96;
					};
					2B948F9C2C2D9FD900535C96 = {
						CreatedOnToolsVersion = 15.1;
					};
				};
			};
			buildConfigurationList = 2B948F982C2D9FD900535C96 /* Build configuration list for PBXProject "LynxExplorer" */;
			compatibilityVersion = "Xcode 13.0";
			developmentRegion = en;
			hasScannedForEncodings = 0;
			knownRegions = (
				en,
				Base,
			);
			mainGroup = 2B948F942C2D9FD900535C96;
			productRefGroup = 2B948F9E2C2D9FD900535C96 /* Products */;
			projectDirPath = "";
			projectRoot = "";
			targets = (
				2B948F9C2C2D9FD900535C96 /* LynxExplorer */,
				2B736B882D096F8A000A35F6 /* LynxExplorerTests */,
			);
		};
/* End PBXProject section */

/* Begin PBXResourcesBuildPhase section */
		2B736B872D096F8A000A35F6 /* Resources */ = {
			isa = PBXResourcesBuildPhase;
			buildActionMask = 2147483647;
			files = (
			);
			runOnlyForDeploymentPostprocessing = 0;
		};
		2B948F9B2C2D9FD900535C96 /* Resources */ = {
			isa = PBXResourcesBuildPhase;
			buildActionMask = 2147483647;
			files = (
				2B948FBA2C2DA16A00535C96 /* Resource in Resources */,
				2B948FB02C2D9FDC00535C96 /* LaunchScreen.storyboard in Resources */,
				2B948FAD2C2D9FDC00535C96 /* Assets.xcassets in Resources */,
				2B948FAB2C2D9FD900535C96 /* Main.storyboard in Resources */,
			);
			runOnlyForDeploymentPostprocessing = 0;
		};
/* End PBXResourcesBuildPhase section */

/* Begin PBXShellScriptBuildPhase section */
		0B118B90DCF890F39E0FBAFC /* [CP] Check Pods Manifest.lock */ = {
			isa = PBXShellScriptBuildPhase;
			buildActionMask = 2147483647;
			files = (
			);
			inputFileListPaths = (
			);
			inputPaths = (
				"${PODS_PODFILE_DIR_PATH}/Podfile.lock",
				"${PODS_ROOT}/Manifest.lock",
			);
			name = "[CP] Check Pods Manifest.lock";
			outputFileListPaths = (
			);
			outputPaths = (
				"$(DERIVED_FILE_DIR)/Pods-LynxExplorerTests-checkManifestLockResult.txt",
			);
			runOnlyForDeploymentPostprocessing = 0;
			shellPath = /bin/sh;
			shellScript = "diff \"${PODS_PODFILE_DIR_PATH}/Podfile.lock\" \"${PODS_ROOT}/Manifest.lock\" > /dev/null\nif [ $? != 0 ] ; then\n    # print error to STDERR\n    echo \"error: The sandbox is not in sync with the Podfile.lock. Run 'pod install' or update your CocoaPods installation.\" >&2\n    exit 1\nfi\n# This output is used by Xcode 'outputs' to avoid re-running this script phase.\necho \"SUCCESS\" > \"${SCRIPT_OUTPUT_FILE_0}\"\n";
			showEnvVarsInLog = 0;
		};
		1884EAAF347C59DE363EEF1A /* [CP] Copy Pods Resources */ = {
			isa = PBXShellScriptBuildPhase;
			buildActionMask = 2147483647;
			files = (
			);
			inputFileListPaths = (
				"${PODS_ROOT}/Target Support Files/Pods-LynxExplorer/Pods-LynxExplorer-resources-${CONFIGURATION}-input-files.xcfilelist",
			);
			name = "[CP] Copy Pods Resources";
			outputFileListPaths = (
				"${PODS_ROOT}/Target Support Files/Pods-LynxExplorer/Pods-LynxExplorer-resources-${CONFIGURATION}-output-files.xcfilelist",
			);
			runOnlyForDeploymentPostprocessing = 0;
			shellPath = /bin/sh;
			shellScript = "\"${PODS_ROOT}/Target Support Files/Pods-LynxExplorer/Pods-LynxExplorer-resources.sh\"\n";
			showEnvVarsInLog = 0;
		};
		BC2FFAED995ABA387F0728EC /* [CP] Check Pods Manifest.lock */ = {
			isa = PBXShellScriptBuildPhase;
			buildActionMask = 2147483647;
			files = (
			);
			inputFileListPaths = (
			);
			inputPaths = (
				"${PODS_PODFILE_DIR_PATH}/Podfile.lock",
				"${PODS_ROOT}/Manifest.lock",
			);
			name = "[CP] Check Pods Manifest.lock";
			outputFileListPaths = (
			);
			outputPaths = (
				"$(DERIVED_FILE_DIR)/Pods-LynxExplorer-checkManifestLockResult.txt",
			);
			runOnlyForDeploymentPostprocessing = 0;
			shellPath = /bin/sh;
			shellScript = "diff \"${PODS_PODFILE_DIR_PATH}/Podfile.lock\" \"${PODS_ROOT}/Manifest.lock\" > /dev/null\nif [ $? != 0 ] ; then\n    # print error to STDERR\n    echo \"error: The sandbox is not in sync with the Podfile.lock. Run 'pod install' or update your CocoaPods installation.\" >&2\n    exit 1\nfi\n# This output is used by Xcode 'outputs' to avoid re-running this script phase.\necho \"SUCCESS\" > \"${SCRIPT_OUTPUT_FILE_0}\"\n";
			showEnvVarsInLog = 0;
		};
/* End PBXShellScriptBuildPhase section */

/* Begin PBXSourcesBuildPhase section */
		2B736B852D096F8A000A35F6 /* Sources */ = {
			isa = PBXSourcesBuildPhase;
			buildActionMask = 2147483647;
			files = (
				2B736B8C2D096F8A000A35F6 /* LynxExplorerTests.m in Sources */,
				C0DE00000000000000000013 /* LaunchDescriptorParserTests.swift in Sources */,
				C0DE00000000000000000015 /* SparklingSchemeAdapterTests.swift in Sources */,
				C0DE00000000000000000018 /* RouteCoordinatorTests.swift in Sources */,
				C0DE0000000000000000001A /* LegacyContainerLauncherTests.swift in Sources */,
				C0DE0000000000000000001B /* GlobalPropsMergerTests.swift in Sources */,
				C0DE0000000000000000001C /* SparklingContainerLauncherTests.swift in Sources */,
				C0DE0000000000000000001F /* RouteEntryAdapterTests.swift in Sources */,
			);
			runOnlyForDeploymentPostprocessing = 0;
		};
		2B948F992C2D9FD900535C96 /* Sources */ = {
			isa = PBXSourcesBuildPhase;
			buildActionMask = 2147483647;
			files = (
				C0DE00000000000000000011 /* LaunchDescriptor.swift in Sources */,
				C0DE00000000000000000012 /* LaunchDescriptorParser.swift in Sources */,
				C0DE00000000000000000014 /* SparklingSchemeAdapter.swift in Sources */,
				C0DE00000000000000000016 /* RouteCoordinator.swift in Sources */,
				C0DE00000000000000000021 /* RouteEntryAdapter.swift in Sources */,
				C0DE00000000000000000017 /* NavigationHost.swift in Sources */,
				C0DE00000000000000000019 /* LegacyContainerLauncher.swift in Sources */,
				C0DE0000000000000000001D /* GlobalPropsMerger.swift in Sources */,
				C0DE0000000000000000001E /* SparklingContainerLauncher.swift in Sources */,
				C0DE00000000000000000022 /* ExplorerLoadingView.swift in Sources */,
				2B948FA82C2D9FD900535C96 /* LynxViewShellViewController.m in Sources */,
				2B382D862D17C06D00C67770 /* ScanViewController.m in Sources */,
				2B948FA22C2D9FD900535C96 /* AppDelegate.mm in Sources */,
				2BB78AD32D1D18FA00060E1C /* LynxSettingManager.m in Sources */,
				2B382D7A2D17BBAD00C67770 /* TemplateProvider.m in Sources */,
				2B590A4C2D635CF00041DE80 /* DemoTemplateResourceFetcher.m in Sources */,
				2B590A452D633F3A0041DE80 /* DemoGenericResourceFetcher.m in Sources */,
				2B382D812D17BDC500C67770 /* UIHelper.m in Sources */,
				2B06C8442D34FF7D008D40DD /* LynxExplorerInput.m in Sources */,
				2BEA8AEA2E0002C9001BCB2C /* LynxRecorderDefaultActionCallback.m in Sources */,
				2B590A492D635BEB0041DE80 /* DemoMeidaResourceFetcher.m in Sources */,
				2B948FB32C2D9FDC00535C96 /* main.m in Sources */,
				2B382D7E2D17BD1500C67770 /* ExplorerModule.m in Sources */,
				EB376B4ABE0DD0809AE056A4 /* EnvInfoModule.m in Sources */,
				F3A1B2C4D5E60718293A4B5C /* SplashScreenModule.m in Sources */,
				656A6D24A89D4B1790C9E425 /* ApplicationModule.m in Sources */,
				E527AAB2959A4F039663CDCF /* BatteryModule.m in Sources */,
				B690B54DA5164276834BED67 /* BrightnessModule.m in Sources */,
				39F65BDE23CC48A38FEBE18F /* CellularModule.m in Sources */,
				FF989F79872A4298909537F6 /* ClipboardModule.m in Sources */,
				0C1FCEBC12C14F129025DFF8 /* HapticsModule.m in Sources */,
				4730819FFB5B47B2AC3BC6F9 /* ImagePickerModule.m in Sources */,
				0D5BAAE9E1FA4DDE954A911D /* KeepAwakeModule.m in Sources */,
				EB870ABE7D564DFB9C535065 /* LocalizationModule.m in Sources */,
				F1AA79FA5CC348D6BEE773F5 /* MailComposerModule.m in Sources */,
				A9BD07DDD70345EF9BAFA72C /* NetworkModule.m in Sources */,
				5942489A7FA6450C8A3DD298 /* ScreenOrientationModule.m in Sources */,
				9CE1351EDBE94454A87D55EA /* StoreReviewModule.m in Sources */,
				9AB2B36A0B564BF2ACBEDDFE /* CryptoModule.m in Sources */,
				682B67F61DE3E32B2F7A07F8 /* AppIntegrity.m in Sources */,
				20828B5F519682337686E6AB /* AppleAuthentication.m in Sources */,
				090DEEA90E4720E32397BB08 /* LivePhoto.m in Sources */,
				ACC256407BD31CF3E75DC442 /* Asset.m in Sources */,
				8509597AB07BF5074942436E /* AuthSession.m in Sources */,
				8E0110485A8462363F17309B /* NetworkAddons.m in Sources */,
				188CE2EAF4B8B79C4EE492EA /* StandardWebCrypto.m in Sources */,
				94600125007C8F38FA456601 /* ScreenCapture.m in Sources */,
				99704E18148330D1469C265B /* CameraModule.m in Sources */,
				15251E1558AA47961F849905 /* ConstantsModule.m in Sources */,
				978FA671C966E77AD5A47BA3 /* ContactsModule.m in Sources */,
				B3518537A4324DA7502BF469 /* FontModule.m in Sources */,
				DC287053DB37B4B06CAA970E /* LocationModule.m in Sources */,
				BABAA8B9EF303CE8171B58DF /* MediaLibraryModule.m in Sources */,
				2E25ABB8B1209BE2069362B8 /* NotificationsModule.m in Sources */,
				D209B4491C260D850650ADD0 /* SpeechModule.m in Sources */,
				DD1EA86D46865321866AE2EB /* SqliteModule.m in Sources */,
				BE975D3851D81395C56F6DC6 /* WebBrowserModule.m in Sources */,
				D16A5C04876D407386A31538 /* LocalAuthenticationModule.m in Sources */,
								A262B0E527F44FA9B28DC871 /* SensorsModule.m in Sources */,
								F1A2C3D4E5F6407192AB3C40 /* SecureStoreModule.m in Sources */,
								F1C2D3E4A5B6407192AB3C60 /* FileSystemModule.m in Sources */,
				2B2AA43D2CA14AC200DB0C3E /* TasmDispatcher.m in Sources */,
				2B382D772D17B86300C67770 /* LynxInitProcessor.m in Sources */,
				7B50D0B31E2C18D34E941800 /* SPKServiceRegistrar.swift in Sources */,
				BD8C210A0F8DB920B1AEEAFA /* RouterServiceImpl.swift in Sources */,
				F253146C82DD1031001E296D /* LynxNodeAPILifecycleListener.mm in Sources */,
				3B03DDD06103F6E706441C7B /* LynxNodeAPIModule.mm in Sources */,
				A8715579043207D37CD2D644 /* LynxNodeAPI.cc in Sources */,
			);
			runOnlyForDeploymentPostprocessing = 0;
		};
/* End PBXSourcesBuildPhase section */

/* Begin PBXTargetDependency section */
		2B736B8E2D096F8A000A35F6 /* PBXTargetDependency */ = {
			isa = PBXTargetDependency;
			target = 2B948F9C2C2D9FD900535C96 /* LynxExplorer */;
			targetProxy = 2B736B8D2D096F8A000A35F6 /* PBXContainerItemProxy */;
		};
/* End PBXTargetDependency section */

/* Begin PBXVariantGroup section */
		2B948FA92C2D9FD900535C96 /* Main.storyboard */ = {
			isa = PBXVariantGroup;
			children = (
				2B948FAA2C2D9FD900535C96 /* Base */,
			);
			name = Main.storyboard;
			sourceTree = "<group>";
		};
		2B948FAE2C2D9FDC00535C96 /* LaunchScreen.storyboard */ = {
			isa = PBXVariantGroup;
			children = (
				2B948FAF2C2D9FDC00535C96 /* Base */,
			);
			name = LaunchScreen.storyboard;
			sourceTree = "<group>";
		};
/* End PBXVariantGroup section */

/* Begin XCBuildConfiguration section */
		2B736B8F2D096F8A000A35F6 /* Debug */ = {
			isa = XCBuildConfiguration;
			baseConfigurationReference = 57ED863821DCD17A208774F0 /* Pods-LynxExplorerTests.debug.xcconfig */;
			buildSettings = {
				BUNDLE_LOADER = "$(TEST_HOST)";
				CLANG_CXX_LANGUAGE_STANDARD = "gnu++17";
				CLANG_CXX_LIBRARY = "libc++";
				CODE_SIGN_STYLE = Automatic;
				CURRENT_PROJECT_VERSION = 1;
				FRAMEWORK_SEARCH_PATHS = (
					"$(inherited)",
					"$(BUILT_PRODUCTS_DIR)/**",
				);
				GCC_C_LANGUAGE_STANDARD = gnu11;
				GENERATE_INFOPLIST_FILE = YES;
				IPHONEOS_DEPLOYMENT_TARGET = 15.2;
				MARKETING_VERSION = 1.0;
				OTHER_CPLUSPLUSFLAGS = (
					"$(OTHER_CFLAGS)",
					"-Wno-module-import-in-extern-c",
				);
				PRODUCT_BUNDLE_IDENTIFIER = com.lynx.test.LynxExplorerTests;
				PRODUCT_NAME = "$(TARGET_NAME)";
				SWIFT_EMIT_LOC_STRINGS = NO;
				SWIFT_VERSION = 5.0;
				TARGETED_DEVICE_FAMILY = "1,2";
				TEST_HOST = "$(BUILT_PRODUCTS_DIR)/LynxExplorer.app/LynxExplorer";
			};
			name = Debug;
		};
		2B736B902D096F8A000A35F6 /* Release */ = {
			isa = XCBuildConfiguration;
			baseConfigurationReference = EB1305961A484453D956B5DF /* Pods-LynxExplorerTests.release.xcconfig */;
			buildSettings = {
				BUNDLE_LOADER = "$(TEST_HOST)";
				CLANG_CXX_LANGUAGE_STANDARD = "gnu++17";
				CLANG_CXX_LIBRARY = "libc++";
				CODE_SIGN_STYLE = Automatic;
				CURRENT_PROJECT_VERSION = 1;
				FRAMEWORK_SEARCH_PATHS = (
					"$(inherited)",
					"$(BUILT_PRODUCTS_DIR)/**",
				);
				GCC_C_LANGUAGE_STANDARD = gnu11;
				GENERATE_INFOPLIST_FILE = YES;
				IPHONEOS_DEPLOYMENT_TARGET = 15.2;
				MARKETING_VERSION = 1.0;
				OTHER_CPLUSPLUSFLAGS = (
					"$(OTHER_CFLAGS)",
					"-Wno-module-import-in-extern-c",
				);
				PRODUCT_BUNDLE_IDENTIFIER = com.lynx.test.LynxExplorerTests;
				PRODUCT_NAME = "$(TARGET_NAME)";
				SWIFT_EMIT_LOC_STRINGS = NO;
				SWIFT_VERSION = 5.0;
				TARGETED_DEVICE_FAMILY = "1,2";
				TEST_HOST = "$(BUILT_PRODUCTS_DIR)/LynxExplorer.app/LynxExplorer";
			};
			name = Release;
		};
		2B948FB42C2D9FDC00535C96 /* Debug */ = {
			isa = XCBuildConfiguration;
			buildSettings = {
				ALWAYS_SEARCH_USER_PATHS = NO;
				ASSETCATALOG_COMPILER_GENERATE_SWIFT_ASSET_SYMBOL_EXTENSIONS = YES;
				CLANG_ANALYZER_NONNULL = YES;
				CLANG_ANALYZER_NUMBER_OBJECT_CONVERSION = YES_AGGRESSIVE;
				CLANG_CXX_LANGUAGE_STANDARD = "gnu++20";
				CLANG_ENABLE_MODULES = YES;
				CLANG_ENABLE_OBJC_ARC = YES;
				CLANG_ENABLE_OBJC_WEAK = YES;
				CLANG_WARN_BLOCK_CAPTURE_AUTORELEASING = YES;
				CLANG_WARN_BOOL_CONVERSION = YES;
				CLANG_WARN_COMMA = YES;
				CLANG_WARN_CONSTANT_CONVERSION = YES;
				CLANG_WARN_DEPRECATED_OBJC_IMPLEMENTATIONS = YES;
				CLANG_WARN_DIRECT_OBJC_ISA_USAGE = YES_ERROR;
				CLANG_WARN_DOCUMENTATION_COMMENTS = YES;
				CLANG_WARN_EMPTY_BODY = YES;
				CLANG_WARN_ENUM_CONVERSION = YES;
				CLANG_WARN_INFINITE_RECURSION = YES;
				CLANG_WARN_INT_CONVERSION = YES;
				CLANG_WARN_NON_LITERAL_NULL_CONVERSION = YES;
				CLANG_WARN_OBJC_IMPLICIT_RETAIN_SELF = YES;
				CLANG_WARN_OBJC_LITERAL_CONVERSION = YES;
				CLANG_WARN_OBJC_ROOT_CLASS = YES_ERROR;
				CLANG_WARN_QUOTED_INCLUDE_IN_FRAMEWORK_HEADER = YES;
				CLANG_WARN_RANGE_LOOP_ANALYSIS = YES;
				CLANG_WARN_STRICT_PROTOTYPES = YES;
				CLANG_WARN_SUSPICIOUS_MOVE = YES;
				CLANG_WARN_UNGUARDED_AVAILABILITY = YES_AGGRESSIVE;
				CLANG_WARN_UNREACHABLE_CODE = YES;
				CLANG_WARN__DUPLICATE_METHOD_MATCH = YES;
				COPY_PHASE_STRIP = NO;
				DEBUG_INFORMATION_FORMAT = dwarf;
				ENABLE_STRICT_OBJC_MSGSEND = YES;
				ENABLE_TESTABILITY = YES;
				ENABLE_USER_SCRIPT_SANDBOXING = YES;
				GCC_C_LANGUAGE_STANDARD = gnu17;
				GCC_DYNAMIC_NO_PIC = NO;
				GCC_NO_COMMON_BLOCKS = YES;
				GCC_OPTIMIZATION_LEVEL = 0;
				GCC_PREPROCESSOR_DEFINITIONS = (
					"DEBUG=1",
					"$(inherited)",
				);
				GCC_WARN_64_TO_32_BIT_CONVERSION = YES;
				GCC_WARN_ABOUT_RETURN_TYPE = YES_ERROR;
				GCC_WARN_UNDECLARED_SELECTOR = YES;
				GCC_WARN_UNINITIALIZED_AUTOS = YES_AGGRESSIVE;
				GCC_WARN_UNUSED_FUNCTION = YES;
				GCC_WARN_UNUSED_VARIABLE = YES;
				IPHONEOS_DEPLOYMENT_TARGET = 17.2;
				LOCALIZATION_PREFERS_STRING_CATALOGS = YES;
				MTL_ENABLE_DEBUG_INFO = INCLUDE_SOURCE;
				MTL_FAST_MATH = YES;
				ONLY_ACTIVE_ARCH = YES;
				SDKROOT = iphoneos;
			};
			name = Debug;
		};
		2B948FB52C2D9FDC00535C96 /* Release */ = {
			isa = XCBuildConfiguration;
			buildSettings = {
				ALWAYS_SEARCH_USER_PATHS = NO;
				ASSETCATALOG_COMPILER_GENERATE_SWIFT_ASSET_SYMBOL_EXTENSIONS = YES;
				CLANG_ANALYZER_NONNULL = YES;
				CLANG_ANALYZER_NUMBER_OBJECT_CONVERSION = YES_AGGRESSIVE;
				CLANG_CXX_LANGUAGE_STANDARD = "gnu++20";
				CLANG_ENABLE_MODULES = YES;
				CLANG_ENABLE_OBJC_ARC = YES;
				CLANG_ENABLE_OBJC_WEAK = YES;
				CLANG_WARN_BLOCK_CAPTURE_AUTORELEASING = YES;
				CLANG_WARN_BOOL_CONVERSION = YES;
				CLANG_WARN_COMMA = YES;
				CLANG_WARN_CONSTANT_CONVERSION = YES;
				CLANG_WARN_DEPRECATED_OBJC_IMPLEMENTATIONS = YES;
				CLANG_WARN_DIRECT_OBJC_ISA_USAGE = YES_ERROR;
				CLANG_WARN_DOCUMENTATION_COMMENTS = YES;
				CLANG_WARN_EMPTY_BODY = YES;
				CLANG_WARN_ENUM_CONVERSION = YES;
				CLANG_WARN_INFINITE_RECURSION = YES;
				CLANG_WARN_INT_CONVERSION = YES;
				CLANG_WARN_NON_LITERAL_NULL_CONVERSION = YES;
				CLANG_WARN_OBJC_IMPLICIT_RETAIN_SELF = YES;
				CLANG_WARN_OBJC_LITERAL_CONVERSION = YES;
				CLANG_WARN_OBJC_ROOT_CLASS = YES_ERROR;
				CLANG_WARN_QUOTED_INCLUDE_IN_FRAMEWORK_HEADER = YES;
				CLANG_WARN_RANGE_LOOP_ANALYSIS = YES;
				CLANG_WARN_STRICT_PROTOTYPES = YES;
				CLANG_WARN_SUSPICIOUS_MOVE = YES;
				CLANG_WARN_UNGUARDED_AVAILABILITY = YES_AGGRESSIVE;
				CLANG_WARN_UNREACHABLE_CODE = YES;
				CLANG_WARN__DUPLICATE_METHOD_MATCH = YES;
				COPY_PHASE_STRIP = NO;
				DEBUG_INFORMATION_FORMAT = "dwarf-with-dsym";
				ENABLE_NS_ASSERTIONS = NO;
				ENABLE_STRICT_OBJC_MSGSEND = YES;
				ENABLE_USER_SCRIPT_SANDBOXING = YES;
				GCC_C_LANGUAGE_STANDARD = gnu17;
				GCC_NO_COMMON_BLOCKS = YES;
				GCC_WARN_64_TO_32_BIT_CONVERSION = YES;
				GCC_WARN_ABOUT_RETURN_TYPE = YES_ERROR;
				GCC_WARN_UNDECLARED_SELECTOR = YES;
				GCC_WARN_UNINITIALIZED_AUTOS = YES_AGGRESSIVE;
				GCC_WARN_UNUSED_FUNCTION = YES;
				GCC_WARN_UNUSED_VARIABLE = YES;
				IPHONEOS_DEPLOYMENT_TARGET = 17.2;
				LOCALIZATION_PREFERS_STRING_CATALOGS = YES;
				MTL_ENABLE_DEBUG_INFO = NO;
				MTL_FAST_MATH = YES;
				SDKROOT = iphoneos;
				VALIDATE_PRODUCT = YES;
			};
			name = Release;
		};
		2B948FB72C2D9FDC00535C96 /* Debug */ = {
			isa = XCBuildConfiguration;
			baseConfigurationReference = 06689C9657D7C23737564C9D /* Pods-LynxExplorer.debug.xcconfig */;
			buildSettings = {
				ASSETCATALOG_COMPILER_APPICON_NAME = AppIcon;
				ASSETCATALOG_COMPILER_GLOBAL_ACCENT_COLOR_NAME = AccentColor;
				CLANG_ENABLE_MODULES = NO;
				CLANG_ENABLE_MODULE_DEBUGGING = NO;
				CODE_SIGN_IDENTITY = "Apple Development";
				CODE_SIGN_STYLE = Automatic;
				CURRENT_PROJECT_VERSION = 1;
				DEVELOPMENT_TEAM = "";
				ENABLE_USER_SCRIPT_SANDBOXING = NO;
				GENERATE_INFOPLIST_FILE = YES;
				INFOPLIST_FILE = LynxExplorer/Info.plist;
				INFOPLIST_KEY_NSCameraUsageDescription = "QR code scan";
				INFOPLIST_KEY_UIApplicationSupportsIndirectInputEvents = YES;
				INFOPLIST_KEY_UILaunchStoryboardName = LaunchScreen;
				INFOPLIST_KEY_UIMainStoryboardFile = Main;
				INFOPLIST_KEY_UISupportedInterfaceOrientations = "UIInterfaceOrientationLandscapeLeft UIInterfaceOrientationLandscapeRight UIInterfaceOrientationPortrait UIInterfaceOrientationPortraitUpsideDown";
				IPHONEOS_DEPLOYMENT_TARGET = 12.0;
				LD_RUNPATH_SEARCH_PATHS = (
					"$(inherited)",
					"@executable_path/Frameworks",
				);
				MARKETING_VERSION = 1.0;
				PRODUCT_BUNDLE_IDENTIFIER = com.lynx.LynxExplorer;
				PRODUCT_NAME = "$(TARGET_NAME)";
				PROVISIONING_PROFILE_SPECIFIER = "";
				SWIFT_EMIT_LOC_STRINGS = YES;
				SWIFT_OBJC_BRIDGING_HEADER = "LynxExplorer/LynxExplorer-Bridging-Header.h";
								SWIFT_VERSION = 5.0;
								TARGETED_DEVICE_FAMILY = "1,2";
								DEAD_CODE_STRIPPING = NO;
							};
							name = Debug;
		};
		2B948FB82C2D9FDC00535C96 /* Release */ = {
			isa = XCBuildConfiguration;
			baseConfigurationReference = 3D5136B1061E6DA78988D03D /* Pods-LynxExplorer.release.xcconfig */;
			buildSettings = {
				ASSETCATALOG_COMPILER_APPICON_NAME = AppIcon;
				ASSETCATALOG_COMPILER_GLOBAL_ACCENT_COLOR_NAME = AccentColor;
				CLANG_ENABLE_MODULES = NO;
				CLANG_ENABLE_MODULE_DEBUGGING = NO;
				CODE_SIGN_IDENTITY = "Apple Development";
				CODE_SIGN_STYLE = Automatic;
				CURRENT_PROJECT_VERSION = 1;
				DEVELOPMENT_TEAM = "";
				ENABLE_USER_SCRIPT_SANDBOXING = NO;
				GENERATE_INFOPLIST_FILE = YES;
				HEADER_SEARCH_PATHS = (
					"$(inherited)",
					"$(SRCROOT)/../../../../explorer/cpp",
				);
				INFOPLIST_FILE = LynxExplorer/Info.plist;
				INFOPLIST_KEY_NSCameraUsageDescription = "QR code scan";
				INFOPLIST_KEY_UIApplicationSupportsIndirectInputEvents = YES;
				INFOPLIST_KEY_UILaunchStoryboardName = LaunchScreen;
				INFOPLIST_KEY_UIMainStoryboardFile = Main;
				INFOPLIST_KEY_UISupportedInterfaceOrientations = "UIInterfaceOrientationLandscapeLeft UIInterfaceOrientationLandscapeRight UIInterfaceOrientationPortrait UIInterfaceOrientationPortraitUpsideDown";
				IPHONEOS_DEPLOYMENT_TARGET = 12.0;
				LD_RUNPATH_SEARCH_PATHS = (
					"$(inherited)",
					"@executable_path/Frameworks",
				);
				MARKETING_VERSION = 1.0;
				PRODUCT_BUNDLE_IDENTIFIER = com.lynx.LynxExplorer;
				PRODUCT_NAME = "$(TARGET_NAME)";
				PROVISIONING_PROFILE_SPECIFIER = "";
				SWIFT_EMIT_LOC_STRINGS = YES;
				SWIFT_OBJC_BRIDGING_HEADER = "LynxExplorer/LynxExplorer-Bridging-Header.h";
				SWIFT_VERSION = 5.0;
				TARGETED_DEVICE_FAMILY = "1,2";
			};
			name = Release;
		};
/* End XCBuildConfiguration section */

/* Begin XCConfigurationList section */
		2B736B912D096F8A000A35F6 /* Build configuration list for PBXNativeTarget "LynxExplorerTests" */ = {
			isa = XCConfigurationList;
			buildConfigurations = (
				2B736B8F2D096F8A000A35F6 /* Debug */,
				2B736B902D096F8A000A35F6 /* Release */,
			);
			defaultConfigurationIsVisible = 0;
			defaultConfigurationName = Release;
		};
		2B948F982C2D9FD900535C96 /* Build configuration list for PBXProject "LynxExplorer" */ = {
			isa = XCConfigurationList;
			buildConfigurations = (
				2B948FB42C2D9FDC00535C96 /* Debug */,
				2B948FB52C2D9FDC00535C96 /* Release */,
			);
			defaultConfigurationIsVisible = 0;
			defaultConfigurationName = Release;
		};
		2B948FB62C2D9FDC00535C96 /* Build configuration list for PBXNativeTarget "LynxExplorer" */ = {
			isa = XCConfigurationList;
			buildConfigurations = (
				2B948FB72C2D9FDC00535C96 /* Debug */,
				2B948FB82C2D9FDC00535C96 /* Release */,
			);
			defaultConfigurationIsVisible = 0;
			defaultConfigurationName = Release;
		};
/* End XCConfigurationList section */
	};
	rootObject = 2B948F952C2D9FD900535C96 /* Project object */;
}
